// !$*UTF8*$!
{
	archiveVersion = 1;
	classes = {
	};
	objectVersion = 48;
	objects = {

/* Begin PBXBuildFile section */
		181FF85C1FE522E7006A28B2 /* NSArray+ ZXPUnicode.m in Sources */ = {isa = PBXBuildFile; fileRef = 181FF8561FE522E7006A28B2 /* NSArray+ ZXPUnicode.m */; };
		181FF85D1FE522E7006A28B2 /* NSDictionary+ZXPUnicode.m in Sources */ = {isa = PBXBuildFile; fileRef = 181FF8591FE522E7006A28B2 /* NSDictionary+ZXPUnicode.m */; };
		181FF85E1FE522E7006A28B2 /* NSObject+ZXPUnicode.m in Sources */ = {isa = PBXBuildFile; fileRef = 181FF85B1FE522E7006A28B2 /* NSObject+ZXPUnicode.m */; };
		18301E5620061DDD00D06E0E /* TableCellViewController.m in Sources */ = {isa = PBXBuildFile; fileRef = 18301E5520061DDD00D06E0E /* TableCellViewController.m */; };
		18301E5920061E3600D06E0E /* PGTableViewCell.m in Sources */ = {isa = PBXBuildFile; fileRef = 18301E5820061E3600D06E0E /* PGTableViewCell.m */; };
		1897F9CB1FF32F08002BBBDC /* CustomCell.m in Sources */ = {isa = PBXBuildFile; fileRef = 1897F9C91FF32F08002BBBDC /* CustomCell.m */; };
		18B06E581FBFCB170065F8A1 /* AppDelegate.m in Sources */ = {isa = PBXBuildFile; fileRef = 18B06E571FBFCB170065F8A1 /* AppDelegate.m */; };
		18B06E5E1FBFCB170065F8A1 /* Main.storyboard in Resources */ = {isa = PBXBuildFile; fileRef = 18B06E5C1FBFCB170065F8A1 /* Main.storyboard */; };
		18B06E601FBFCB170065F8A1 /* Assets.xcassets in Resources */ = {isa = PBXBuildFile; fileRef = 18B06E5F1FBFCB170065F8A1 /* Assets.xcassets */; };
		18B06E631FBFCB170065F8A1 /* LaunchScreen.storyboard in Resources */ = {isa = PBXBuildFile; fileRef = 18B06E611FBFCB170065F8A1 /* LaunchScreen.storyboard */; };
		18B06E661FBFCB170065F8A1 /* main.m in Sources */ = {isa = PBXBuildFile; fileRef = 18B06E651FBFCB170065F8A1 /* main.m */; };
		18B06E701FBFCB170065F8A1 /* GJDataCountTests.m in Sources */ = {isa = PBXBuildFile; fileRef = 18B06E6F1FBFCB170065F8A1 /* GJDataCountTests.m */; };
		18B06E7B1FBFCB170065F8A1 /* GJDataCountUITests.m in Sources */ = {isa = PBXBuildFile; fileRef = 18B06E7A1FBFCB170065F8A1 /* GJDataCountUITests.m */; };
		18B06E931FBFCF540065F8A1 /* TableViewController.m in Sources */ = {isa = PBXBuildFile; fileRef = 18B06E921FBFCF540065F8A1 /* TableViewController.m */; };
		18B06E9D1FBFDFE10065F8A1 /* UIView+Extension.m in Sources */ = {isa = PBXBuildFile; fileRef = 18B06E9C1FBFDFE10065F8A1 /* UIView+Extension.m */; };
		18B06EB61FC035060065F8A1 /* UIButton+Extension.m in Sources */ = {isa = PBXBuildFile; fileRef = 18B06EB51FC035060065F8A1 /* UIButton+Extension.m */; };
		18DC36061FFF27DE00F7CE21 /* PGAddBookViewController.m in Sources */ = {isa = PBXBuildFile; fileRef = 18DC35BA1FFF27DE00F7CE21 /* PGAddBookViewController.m */; };
		18DC36071FFF27DE00F7CE21 /* business.sqlite in Resources */ = {isa = PBXBuildFile; fileRef = 18DC35BC1FFF27DE00F7CE21 /* business.sqlite */; };
		18DC36081FFF27DE00F7CE21 /* PGDivisionModel.m in Sources */ = {isa = PBXBuildFile; fileRef = 18DC35BE1FFF27DE00F7CE21 /* PGDivisionModel.m */; };
		18DC36091FFF27DE00F7CE21 /* PGStaffModel.m in Sources */ = {isa = PBXBuildFile; fileRef = 18DC35C01FFF27DE00F7CE21 /* PGStaffModel.m */; };
		18DC360A1FFF27DE00F7CE21 /* PGAddBookView.m in Sources */ = {isa = PBXBuildFile; fileRef = 18DC35C31FFF27DE00F7CE21 /* PGAddBookView.m */; };
		18DC360B1FFF27DE00F7CE21 /* BrokenLineViewController.m in Sources */ = {isa = PBXBuildFile; fileRef = 18DC35C71FFF27DE00F7CE21 /* BrokenLineViewController.m */; };
		18DC360C1FFF27DE00F7CE21 /* BrokenLineBackView.m in Sources */ = {isa = PBXBuildFile; fileRef = 18DC35CA1FFF27DE00F7CE21 /* BrokenLineBackView.m */; };
		18DC360D1FFF27DE00F7CE21 /* BrokenLineScrollView.m in Sources */ = {isa = PBXBuildFile; fileRef = 18DC35CC1FFF27DE00F7CE21 /* BrokenLineScrollView.m */; };
		18DC360E1FFF27DE00F7CE21 /* BrokenLineView.m in Sources */ = {isa = PBXBuildFile; fileRef = 18DC35CE1FFF27DE00F7CE21 /* BrokenLineView.m */; };
		18DC360F1FFF27DE00F7CE21 /* DialingViewController.m in Sources */ = {isa = PBXBuildFile; fileRef = 18DC35D21FFF27DE00F7CE21 /* DialingViewController.m */; };
		18DC36101FFF27DE00F7CE21 /* PhotoBrowserViewController.m in Sources */ = {isa = PBXBuildFile; fileRef = 18DC35D71FFF27DE00F7CE21 /* PhotoBrowserViewController.m */; };
		18DC36111FFF27DE00F7CE21 /* PieChartViewController.m in Sources */ = {isa = PBXBuildFile; fileRef = 18DC35DC1FFF27DE00F7CE21 /* PieChartViewController.m */; };
		18DC36121FFF27DE00F7CE21 /* PieChartView.m in Sources */ = {isa = PBXBuildFile; fileRef = 18DC35DF1FFF27DE00F7CE21 /* PieChartView.m */; };
		18DC36131FFF27DE00F7CE21 /* PlnKeyViewController.m in Sources */ = {isa = PBXBuildFile; fileRef = 18DC35E31FFF27DE00F7CE21 /* PlnKeyViewController.m */; };
		18DC36141FFF27DE00F7CE21 /* CustomKeyboard.m in Sources */ = {isa = PBXBuildFile; fileRef = 18DC35E61FFF27DE00F7CE21 /* CustomKeyboard.m */; };
		18DC36151FFF27DE00F7CE21 /* CustomKeyboard.xib in Resources */ = {isa = PBXBuildFile; fileRef = 18DC35E71FFF27DE00F7CE21 /* CustomKeyboard.xib */; };
		18DC36161FFF27DE00F7CE21 /* PlateNumView.m in Sources */ = {isa = PBXBuildFile; fileRef = 18DC35E91FFF27DE00F7CE21 /* PlateNumView.m */; };
		18DC36171FFF27DE00F7CE21 /* PlateNumView.xib in Resources */ = {isa = PBXBuildFile; fileRef = 18DC35EA1FFF27DE00F7CE21 /* PlateNumView.xib */; };
		18DC36181FFF27DE00F7CE21 /* StackViewViewController.m in Sources */ = {isa = PBXBuildFile; fileRef = 18DC35EE1FFF27DE00F7CE21 /* StackViewViewController.m */; };
		18DC36191FFF27DE00F7CE21 /* PGActivityView.m in Sources */ = {isa = PBXBuildFile; fileRef = 18DC35F11FFF27DE00F7CE21 /* PGActivityView.m */; };
		18DC361A1FFF27DE00F7CE21 /* PGQuickScreenView.m in Sources */ = {isa = PBXBuildFile; fileRef = 18DC35F31FFF27DE00F7CE21 /* PGQuickScreenView.m */; };
		18DC361B1FFF27DE00F7CE21 /* PGQuickTermView.m in Sources */ = {isa = PBXBuildFile; fileRef = 18DC35F51FFF27DE00F7CE21 /* PGQuickTermView.m */; };
		18DC361C1FFF27DE00F7CE21 /* PGStagingViewController.m in Sources */ = {isa = PBXBuildFile; fileRef = 18DC35F91FFF27DE00F7CE21 /* PGStagingViewController.m */; };
		18DC361D1FFF27DE00F7CE21 /* PGStagingView.m in Sources */ = {isa = PBXBuildFile; fileRef = 18DC35FC1FFF27DE00F7CE21 /* PGStagingView.m */; };
		18DC361E1FFF27DE00F7CE21 /* PGTermView.m in Sources */ = {isa = PBXBuildFile; fileRef = 18DC35FE1FFF27DE00F7CE21 /* PGTermView.m */; };
		18DC361F1FFF27DE00F7CE21 /* PGTimeSeleViewController.m in Sources */ = {isa = PBXBuildFile; fileRef = 18DC36021FFF27DE00F7CE21 /* PGTimeSeleViewController.m */; };
		18DC36201FFF27DE00F7CE21 /* PGTimeSeleView.m in Sources */ = {isa = PBXBuildFile; fileRef = 18DC36051FFF27DE00F7CE21 /* PGTimeSeleView.m */; };
		18DC36251FFF283E00F7CE21 /* PGBrowsingViewController.m in Sources */ = {isa = PBXBuildFile; fileRef = 18DC36241FFF283E00F7CE21 /* PGBrowsingViewController.m */; };
		18DC36421FFF286400F7CE21 /* mss_browseLoading@2x.png in Resources */ = {isa = PBXBuildFile; fileRef = 18DC36271FFF286400F7CE21 /* mss_browseLoading@2x.png */; };
		18DC36431FFF286400F7CE21 /* mss_browseLoading@3x.png in Resources */ = {isa = PBXBuildFile; fileRef = 18DC36281FFF286400F7CE21 /* mss_browseLoading@3x.png */; };
		18DC36441FFF286400F7CE21 /* MSSBrowseActionSheet.m in Sources */ = {isa = PBXBuildFile; fileRef = 18DC362A1FFF286400F7CE21 /* MSSBrowseActionSheet.m */; };
		18DC36451FFF286400F7CE21 /* MSSBrowseActionSheetCell.m in Sources */ = {isa = PBXBuildFile; fileRef = 18DC362C1FFF286400F7CE21 /* MSSBrowseActionSheetCell.m */; };
		18DC36461FFF286400F7CE21 /* MSSBrowseBaseViewController.m in Sources */ = {isa = PBXBuildFile; fileRef = 18DC362E1FFF286400F7CE21 /* MSSBrowseBaseViewController.m */; };
		18DC36471FFF286400F7CE21 /* MSSBrowseCollectionViewCell.m in Sources */ = {isa = PBXBuildFile; fileRef = 18DC36301FFF286400F7CE21 /* MSSBrowseCollectionViewCell.m */; };
		18DC36481FFF286400F7CE21 /* MSSBrowseLoadingImageView.m in Sources */ = {isa = PBXBuildFile; fileRef = 18DC36331FFF286400F7CE21 /* MSSBrowseLoadingImageView.m */; };
		18DC36491FFF286400F7CE21 /* MSSBrowseLocalViewController.m in Sources */ = {isa = PBXBuildFile; fileRef = 18DC36351FFF286400F7CE21 /* MSSBrowseLocalViewController.m */; };
		18DC364A1FFF286400F7CE21 /* MSSBrowseModel.m in Sources */ = {isa = PBXBuildFile; fileRef = 18DC36371FFF286400F7CE21 /* MSSBrowseModel.m */; };
		18DC364B1FFF286400F7CE21 /* MSSBrowseNetworkViewController.m in Sources */ = {isa = PBXBuildFile; fileRef = 18DC36391FFF286400F7CE21 /* MSSBrowseNetworkViewController.m */; };
		18DC364C1FFF286400F7CE21 /* MSSBrowseRemindView.m in Sources */ = {isa = PBXBuildFile; fileRef = 18DC363B1FFF286400F7CE21 /* MSSBrowseRemindView.m */; };
		18DC364D1FFF286400F7CE21 /* MSSBrowseZoomScrollView.m in Sources */ = {isa = PBXBuildFile; fileRef = 18DC363D1FFF286400F7CE21 /* MSSBrowseZoomScrollView.m */; };
		18DC364E1FFF286400F7CE21 /* UIImage+MSSScale.m in Sources */ = {isa = PBXBuildFile; fileRef = 18DC363F1FFF286400F7CE21 /* UIImage+MSSScale.m */; };
		18DC364F1FFF286400F7CE21 /* UIView+MSSLayout.m in Sources */ = {isa = PBXBuildFile; fileRef = 18DC36411FFF286400F7CE21 /* UIView+MSSLayout.m */; };
		56AF02767D70106A41994408 /* Pods_GJDataCount.framework in Frameworks */ = {isa = PBXBuildFile; fileRef = 4281B94D13E724DCBA265DC4 /* Pods_GJDataCount.framework */; };
/* End PBXBuildFile section */

/* Begin PBXContainerItemProxy section */
		18B06E6C1FBFCB170065F8A1 /* PBXContainerItemProxy */ = {
			isa = PBXContainerItemProxy;
			containerPortal = 18B06E4B1FBFCB170065F8A1 /* Project object */;
			proxyType = 1;
			remoteGlobalIDString = 18B06E521FBFCB170065F8A1;
			remoteInfo = GJDataCount;
		};
		18B06E771FBFCB170065F8A1 /* PBXContainerItemProxy */ = {
			isa = PBXContainerItemProxy;
			containerPortal = 18B06E4B1FBFCB170065F8A1 /* Project object */;
			proxyType = 1;
			remoteGlobalIDString = 18B06E521FBFCB170065F8A1;
			remoteInfo = GJDataCount;
		};
/* End PBXContainerItemProxy section */

/* Begin PBXFileReference section */
		181FF8561FE522E7006A28B2 /* NSArray+ ZXPUnicode.m */ = {isa = PBXFileReference; fileEncoding = 4; lastKnownFileType = sourcecode.c.objc; path = "NSArray+ ZXPUnicode.m"; sourceTree = "<group>"; };
		181FF8571FE522E7006A28B2 /* NSArray+ZXPUnicode.h */ = {isa = PBXFileReference; fileEncoding = 4; lastKnownFileType = sourcecode.c.h; path = "NSArray+ZXPUnicode.h"; sourceTree = "<group>"; };
		181FF8581FE522E7006A28B2 /* NSDictionary+ZXPUnicode.h */ = {isa = PBXFileReference; fileEncoding = 4; lastKnownFileType = sourcecode.c.h; path = "NSDictionary+ZXPUnicode.h"; sourceTree = "<group>"; };
		181FF8591FE522E7006A28B2 /* NSDictionary+ZXPUnicode.m */ = {isa = PBXFileReference; fileEncoding = 4; lastKnownFileType = sourcecode.c.objc; path = "NSDictionary+ZXPUnicode.m"; sourceTree = "<group>"; };
		181FF85A1FE522E7006A28B2 /* NSObject+ZXPUnicode.h */ = {isa = PBXFileReference; fileEncoding = 4; lastKnownFileType = sourcecode.c.h; path = "NSObject+ZXPUnicode.h"; sourceTree = "<group>"; };
		181FF85B1FE522E7006A28B2 /* NSObject+ZXPUnicode.m */ = {isa = PBXFileReference; fileEncoding = 4; lastKnownFileType = sourcecode.c.objc; path = "NSObject+ZXPUnicode.m"; sourceTree = "<group>"; };
		18301E5420061DDD00D06E0E /* TableCellViewController.h */ = {isa = PBXFileReference; lastKnownFileType = sourcecode.c.h; path = TableCellViewController.h; sourceTree = "<group>"; };
		18301E5520061DDD00D06E0E /* TableCellViewController.m */ = {isa = PBXFileReference; lastKnownFileType = sourcecode.c.objc; path = TableCellViewController.m; sourceTree = "<group>"; };
		18301E5720061E3600D06E0E /* PGTableViewCell.h */ = {isa = PBXFileReference; lastKnownFileType = sourcecode.c.h; path = PGTableViewCell.h; sourceTree = "<group>"; };
		18301E5820061E3600D06E0E /* PGTableViewCell.m */ = {isa = PBXFileReference; lastKnownFileType = sourcecode.c.objc; path = PGTableViewCell.m; sourceTree = "<group>"; };
		1897F9C91FF32F08002BBBDC /* CustomCell.m */ = {isa = PBXFileReference; fileEncoding = 4; lastKnownFileType = sourcecode.c.objc; path = CustomCell.m; sourceTree = "<group>"; };
		1897F9CA1FF32F08002BBBDC /* CustomCell.h */ = {isa = PBXFileReference; fileEncoding = 4; lastKnownFileType = sourcecode.c.h; path = CustomCell.h; sourceTree = "<group>"; };
		18B06E531FBFCB170065F8A1 /* GJDataCount.app */ = {isa = PBXFileReference; explicitFileType = wrapper.application; includeInIndex = 0; path = GJDataCount.app; sourceTree = BUILT_PRODUCTS_DIR; };
		18B06E561FBFCB170065F8A1 /* AppDelegate.h */ = {isa = PBXFileReference; lastKnownFileType = sourcecode.c.h; path = AppDelegate.h; sourceTree = "<group>"; };
		18B06E571FBFCB170065F8A1 /* AppDelegate.m */ = {isa = PBXFileReference; lastKnownFileType = sourcecode.c.objc; path = AppDelegate.m; sourceTree = "<group>"; };
		18B06E5D1FBFCB170065F8A1 /* Base */ = {isa = PBXFileReference; lastKnownFileType = file.storyboard; name = Base; path = Base.lproj/Main.storyboard; sourceTree = "<group>"; };
		18B06E5F1FBFCB170065F8A1 /* Assets.xcassets */ = {isa = PBXFileReference; lastKnownFileType = folder.assetcatalog; path = Assets.xcassets; sourceTree = "<group>"; };
		18B06E621FBFCB170065F8A1 /* Base */ = {isa = PBXFileReference; lastKnownFileType = file.storyboard; name = Base; path = Base.lproj/LaunchScreen.storyboard; sourceTree = "<group>"; };
		18B06E641FBFCB170065F8A1 /* Info.plist */ = {isa = PBXFileReference; lastKnownFileType = text.plist.xml; path = Info.plist; sourceTree = "<group>"; };
		18B06E651FBFCB170065F8A1 /* main.m */ = {isa = PBXFileReference; lastKnownFileType = sourcecode.c.objc; path = main.m; sourceTree = "<group>"; };
		18B06E6B1FBFCB170065F8A1 /* GJDataCountTests.xctest */ = {isa = PBXFileReference; explicitFileType = wrapper.cfbundle; includeInIndex = 0; path = GJDataCountTests.xctest; sourceTree = BUILT_PRODUCTS_DIR; };
		18B06E6F1FBFCB170065F8A1 /* GJDataCountTests.m */ = {isa = PBXFileReference; lastKnownFileType = sourcecode.c.objc; path = GJDataCountTests.m; sourceTree = "<group>"; };
		18B06E711FBFCB170065F8A1 /* Info.plist */ = {isa = PBXFileReference; lastKnownFileType = text.plist.xml; path = Info.plist; sourceTree = "<group>"; };
		18B06E761FBFCB170065F8A1 /* GJDataCountUITests.xctest */ = {isa = PBXFileReference; explicitFileType = wrapper.cfbundle; includeInIndex = 0; path = GJDataCountUITests.xctest; sourceTree = BUILT_PRODUCTS_DIR; };
		18B06E7A1FBFCB170065F8A1 /* GJDataCountUITests.m */ = {isa = PBXFileReference; lastKnownFileType = sourcecode.c.objc; path = GJDataCountUITests.m; sourceTree = "<group>"; };
		18B06E7C1FBFCB170065F8A1 /* Info.plist */ = {isa = PBXFileReference; lastKnownFileType = text.plist.xml; path = Info.plist; sourceTree = "<group>"; };
		18B06E911FBFCF540065F8A1 /* TableViewController.h */ = {isa = PBXFileReference; lastKnownFileType = sourcecode.c.h; path = TableViewController.h; sourceTree = "<group>"; };
		18B06E921FBFCF540065F8A1 /* TableViewController.m */ = {isa = PBXFileReference; lastKnownFileType = sourcecode.c.objc; path = TableViewController.m; sourceTree = "<group>"; };
		18B06E9B1FBFDFE10065F8A1 /* UIView+Extension.h */ = {isa = PBXFileReference; fileEncoding = 4; lastKnownFileType = sourcecode.c.h; path = "UIView+Extension.h"; sourceTree = "<group>"; };
		18B06E9C1FBFDFE10065F8A1 /* UIView+Extension.m */ = {isa = PBXFileReference; fileEncoding = 4; lastKnownFileType = sourcecode.c.objc; path = "UIView+Extension.m"; sourceTree = "<group>"; };
		18B06EB01FC033580065F8A1 /* PrefixHeader.pch */ = {isa = PBXFileReference; lastKnownFileType = sourcecode.c.h; path = PrefixHeader.pch; sourceTree = "<group>"; };
		18B06EB41FC035060065F8A1 /* UIButton+Extension.h */ = {isa = PBXFileReference; fileEncoding = 4; lastKnownFileType = sourcecode.c.h; path = "UIButton+Extension.h"; sourceTree = "<group>"; };
		18B06EB51FC035060065F8A1 /* UIButton+Extension.m */ = {isa = PBXFileReference; fileEncoding = 4; lastKnownFileType = sourcecode.c.objc; path = "UIButton+Extension.m"; sourceTree = "<group>"; };
		18DC35B91FFF27DE00F7CE21 /* PGAddBookViewController.h */ = {isa = PBXFileReference; fileEncoding = 4; lastKnownFileType = sourcecode.c.h; path = PGAddBookViewController.h; sourceTree = "<group>"; };
		18DC35BA1FFF27DE00F7CE21 /* PGAddBookViewController.m */ = {isa = PBXFileReference; fileEncoding = 4; lastKnownFileType = sourcecode.c.objc; path = PGAddBookViewController.m; sourceTree = "<group>"; };
		18DC35BC1FFF27DE00F7CE21 /* business.sqlite */ = {isa = PBXFileReference; lastKnownFileType = file; path = business.sqlite; sourceTree = "<group>"; };
		18DC35BD1FFF27DE00F7CE21 /* PGDivisionModel.h */ = {isa = PBXFileReference; fileEncoding = 4; lastKnownFileType = sourcecode.c.h; path = PGDivisionModel.h; sourceTree = "<group>"; };
		18DC35BE1FFF27DE00F7CE21 /* PGDivisionModel.m */ = {isa = PBXFileReference; fileEncoding = 4; lastKnownFileType = sourcecode.c.objc; path = PGDivisionModel.m; sourceTree = "<group>"; };
		18DC35BF1FFF27DE00F7CE21 /* PGStaffModel.h */ = {isa = PBXFileReference; fileEncoding = 4; lastKnownFileType = sourcecode.c.h; path = PGStaffModel.h; sourceTree = "<group>"; };
		18DC35C01FFF27DE00F7CE21 /* PGStaffModel.m */ = {isa = PBXFileReference; fileEncoding = 4; lastKnownFileType = sourcecode.c.objc; path = PGStaffModel.m; sourceTree = "<group>"; };
		18DC35C21FFF27DE00F7CE21 /* PGAddBookView.h */ = {isa = PBXFileReference; fileEncoding = 4; lastKnownFileType = sourcecode.c.h; path = PGAddBookView.h; sourceTree = "<group>"; };
		18DC35C31FFF27DE00F7CE21 /* PGAddBookView.m */ = {isa = PBXFileReference; fileEncoding = 4; lastKnownFileType = sourcecode.c.objc; path = PGAddBookView.m; sourceTree = "<group>"; };
		18DC35C61FFF27DE00F7CE21 /* BrokenLineViewController.h */ = {isa = PBXFileReference; fileEncoding = 4; lastKnownFileType = sourcecode.c.h; path = BrokenLineViewController.h; sourceTree = "<group>"; };
		18DC35C71FFF27DE00F7CE21 /* BrokenLineViewController.m */ = {isa = PBXFileReference; fileEncoding = 4; lastKnownFileType = sourcecode.c.objc; path = BrokenLineViewController.m; sourceTree = "<group>"; };
		18DC35C91FFF27DE00F7CE21 /* BrokenLineBackView.h */ = {isa = PBXFileReference; fileEncoding = 4; lastKnownFileType = sourcecode.c.h; path = BrokenLineBackView.h; sourceTree = "<group>"; };
		18DC35CA1FFF27DE00F7CE21 /* BrokenLineBackView.m */ = {isa = PBXFileReference; fileEncoding = 4; lastKnownFileType = sourcecode.c.objc; path = BrokenLineBackView.m; sourceTree = "<group>"; };
		18DC35CB1FFF27DE00F7CE21 /* BrokenLineScrollView.h */ = {isa = PBXFileReference; fileEncoding = 4; lastKnownFileType = sourcecode.c.h; path = BrokenLineScrollView.h; sourceTree = "<group>"; };
		18DC35CC1FFF27DE00F7CE21 /* BrokenLineScrollView.m */ = {isa = PBXFileReference; fileEncoding = 4; lastKnownFileType = sourcecode.c.objc; path = BrokenLineScrollView.m; sourceTree = "<group>"; };
		18DC35CD1FFF27DE00F7CE21 /* BrokenLineView.h */ = {isa = PBXFileReference; fileEncoding = 4; lastKnownFileType = sourcecode.c.h; path = BrokenLineView.h; sourceTree = "<group>"; };
		18DC35CE1FFF27DE00F7CE21 /* BrokenLineView.m */ = {isa = PBXFileReference; fileEncoding = 4; lastKnownFileType = sourcecode.c.objc; path = BrokenLineView.m; sourceTree = "<group>"; };
		18DC35D11FFF27DE00F7CE21 /* DialingViewController.h */ = {isa = PBXFileReference; fileEncoding = 4; lastKnownFileType = sourcecode.c.h; path = DialingViewController.h; sourceTree = "<group>"; };
		18DC35D21FFF27DE00F7CE21 /* DialingViewController.m */ = {isa = PBXFileReference; fileEncoding = 4; lastKnownFileType = sourcecode.c.objc; path = DialingViewController.m; sourceTree = "<group>"; };
		18DC35D61FFF27DE00F7CE21 /* PhotoBrowserViewController.h */ = {isa = PBXFileReference; fileEncoding = 4; lastKnownFileType = sourcecode.c.h; path = PhotoBrowserViewController.h; sourceTree = "<group>"; };
		18DC35D71FFF27DE00F7CE21 /* PhotoBrowserViewController.m */ = {isa = PBXFileReference; fileEncoding = 4; lastKnownFileType = sourcecode.c.objc; path = PhotoBrowserViewController.m; sourceTree = "<group>"; };
		18DC35DB1FFF27DE00F7CE21 /* PieChartViewController.h */ = {isa = PBXFileReference; fileEncoding = 4; lastKnownFileType = sourcecode.c.h; path = PieChartViewController.h; sourceTree = "<group>"; };
		18DC35DC1FFF27DE00F7CE21 /* PieChartViewController.m */ = {isa = PBXFileReference; fileEncoding = 4; lastKnownFileType = sourcecode.c.objc; path = PieChartViewController.m; sourceTree = "<group>"; };
		18DC35DE1FFF27DE00F7CE21 /* PieChartView.h */ = {isa = PBXFileReference; fileEncoding = 4; lastKnownFileType = sourcecode.c.h; path = PieChartView.h; sourceTree = "<group>"; };
		18DC35DF1FFF27DE00F7CE21 /* PieChartView.m */ = {isa = PBXFileReference; fileEncoding = 4; lastKnownFileType = sourcecode.c.objc; path = PieChartView.m; sourceTree = "<group>"; };
		18DC35E21FFF27DE00F7CE21 /* PlnKeyViewController.h */ = {isa = PBXFileReference; fileEncoding = 4; lastKnownFileType = sourcecode.c.h; path = PlnKeyViewController.h; sourceTree = "<group>"; };
		18DC35E31FFF27DE00F7CE21 /* PlnKeyViewController.m */ = {isa = PBXFileReference; fileEncoding = 4; lastKnownFileType = sourcecode.c.objc; path = PlnKeyViewController.m; sourceTree = "<group>"; };
		18DC35E51FFF27DE00F7CE21 /* CustomKeyboard.h */ = {isa = PBXFileReference; fileEncoding = 4; lastKnownFileType = sourcecode.c.h; path = CustomKeyboard.h; sourceTree = "<group>"; };
		18DC35E61FFF27DE00F7CE21 /* CustomKeyboard.m */ = {isa = PBXFileReference; fileEncoding = 4; lastKnownFileType = sourcecode.c.objc; path = CustomKeyboard.m; sourceTree = "<group>"; };
		18DC35E71FFF27DE00F7CE21 /* CustomKeyboard.xib */ = {isa = PBXFileReference; fileEncoding = 4; lastKnownFileType = file.xib; path = CustomKeyboard.xib; sourceTree = "<group>"; };
		18DC35E81FFF27DE00F7CE21 /* PlateNumView.h */ = {isa = PBXFileReference; fileEncoding = 4; lastKnownFileType = sourcecode.c.h; path = PlateNumView.h; sourceTree = "<group>"; };
		18DC35E91FFF27DE00F7CE21 /* PlateNumView.m */ = {isa = PBXFileReference; fileEncoding = 4; lastKnownFileType = sourcecode.c.objc; path = PlateNumView.m; sourceTree = "<group>"; };
		18DC35EA1FFF27DE00F7CE21 /* PlateNumView.xib */ = {isa = PBXFileReference; fileEncoding = 4; lastKnownFileType = file.xib; path = PlateNumView.xib; sourceTree = "<group>"; };
		18DC35ED1FFF27DE00F7CE21 /* StackViewViewController.h */ = {isa = PBXFileReference; fileEncoding = 4; lastKnownFileType = sourcecode.c.h; path = StackViewViewController.h; sourceTree = "<group>"; };
		18DC35EE1FFF27DE00F7CE21 /* StackViewViewController.m */ = {isa = PBXFileReference; fileEncoding = 4; lastKnownFileType = sourcecode.c.objc; path = StackViewViewController.m; sourceTree = "<group>"; };
		18DC35F01FFF27DE00F7CE21 /* PGActivityView.h */ = {isa = PBXFileReference; fileEncoding = 4; lastKnownFileType = sourcecode.c.h; path = PGActivityView.h; sourceTree = "<group>"; };
		18DC35F11FFF27DE00F7CE21 /* PGActivityView.m */ = {isa = PBXFileReference; fileEncoding = 4; lastKnownFileType = sourcecode.c.objc; path = PGActivityView.m; sourceTree = "<group>"; };
		18DC35F21FFF27DE00F7CE21 /* PGQuickScreenView.h */ = {isa = PBXFileReference; fileEncoding = 4; lastKnownFileType = sourcecode.c.h; path = PGQuickScreenView.h; sourceTree = "<group>"; };
		18DC35F31FFF27DE00F7CE21 /* PGQuickScreenView.m */ = {isa = PBXFileReference; fileEncoding = 4; lastKnownFileType = sourcecode.c.objc; path = PGQuickScreenView.m; sourceTree = "<group>"; };
		18DC35F41FFF27DE00F7CE21 /* PGQuickTermView.h */ = {isa = PBXFileReference; fileEncoding = 4; lastKnownFileType = sourcecode.c.h; path = PGQuickTermView.h; sourceTree = "<group>"; };
		18DC35F51FFF27DE00F7CE21 /* PGQuickTermView.m */ = {isa = PBXFileReference; fileEncoding = 4; lastKnownFileType = sourcecode.c.objc; path = PGQuickTermView.m; sourceTree = "<group>"; };
		18DC35F81FFF27DE00F7CE21 /* PGStagingViewController.h */ = {isa = PBXFileReference; fileEncoding = 4; lastKnownFileType = sourcecode.c.h; path = PGStagingViewController.h; sourceTree = "<group>"; };
		18DC35F91FFF27DE00F7CE21 /* PGStagingViewController.m */ = {isa = PBXFileReference; fileEncoding = 4; lastKnownFileType = sourcecode.c.objc; path = PGStagingViewController.m; sourceTree = "<group>"; };
		18DC35FB1FFF27DE00F7CE21 /* PGStagingView.h */ = {isa = PBXFileReference; fileEncoding = 4; lastKnownFileType = sourcecode.c.h; path = PGStagingView.h; sourceTree = "<group>"; };
		18DC35FC1FFF27DE00F7CE21 /* PGStagingView.m */ = {isa = PBXFileReference; fileEncoding = 4; lastKnownFileType = sourcecode.c.objc; path = PGStagingView.m; sourceTree = "<group>"; };
		18DC35FD1FFF27DE00F7CE21 /* PGTermView.h */ = {isa = PBXFileReference; fileEncoding = 4; lastKnownFileType = sourcecode.c.h; path = PGTermView.h; sourceTree = "<group>"; };
		18DC35FE1FFF27DE00F7CE21 /* PGTermView.m */ = {isa = PBXFileReference; fileEncoding = 4; lastKnownFileType = sourcecode.c.objc; path = PGTermView.m; sourceTree = "<group>"; };
		18DC36011FFF27DE00F7CE21 /* PGTimeSeleViewController.h */ = {isa = PBXFileReference; fileEncoding = 4; lastKnownFileType = sourcecode.c.h; path = PGTimeSeleViewController.h; sourceTree = "<group>"; };
		18DC36021FFF27DE00F7CE21 /* PGTimeSeleViewController.m */ = {isa = PBXFileReference; fileEncoding = 4; lastKnownFileType = sourcecode.c.objc; path = PGTimeSeleViewController.m; sourceTree = "<group>"; };
		18DC36041FFF27DE00F7CE21 /* PGTimeSeleView.h */ = {isa = PBXFileReference; fileEncoding = 4; lastKnownFileType = sourcecode.c.h; path = PGTimeSeleView.h; sourceTree = "<group>"; };
		18DC36051FFF27DE00F7CE21 /* PGTimeSeleView.m */ = {isa = PBXFileReference; fileEncoding = 4; lastKnownFileType = sourcecode.c.objc; path = PGTimeSeleView.m; sourceTree = "<group>"; };
		18DC36231FFF283E00F7CE21 /* PGBrowsingViewController.h */ = {isa = PBXFileReference; lastKnownFileType = sourcecode.c.h; path = PGBrowsingViewController.h; sourceTree = "<group>"; };
		18DC36241FFF283E00F7CE21 /* PGBrowsingViewController.m */ = {isa = PBXFileReference; lastKnownFileType = sourcecode.c.objc; path = PGBrowsingViewController.m; sourceTree = "<group>"; };
		18DC36271FFF286400F7CE21 /* mss_browseLoading@2x.png */ = {isa = PBXFileReference; lastKnownFileType = image.png; path = "mss_browseLoading@2x.png"; sourceTree = "<group>"; };
		18DC36281FFF286400F7CE21 /* mss_browseLoading@3x.png */ = {isa = PBXFileReference; lastKnownFileType = image.png; path = "mss_browseLoading@3x.png"; sourceTree = "<group>"; };
		18DC36291FFF286400F7CE21 /* MSSBrowseActionSheet.h */ = {isa = PBXFileReference; fileEncoding = 4; lastKnownFileType = sourcecode.c.h; path = MSSBrowseActionSheet.h; sourceTree = "<group>"; };
		18DC362A1FFF286400F7CE21 /* MSSBrowseActionSheet.m */ = {isa = PBXFileReference; fileEncoding = 4; lastKnownFileType = sourcecode.c.objc; path = MSSBrowseActionSheet.m; sourceTree = "<group>"; };
		18DC362B1FFF286400F7CE21 /* MSSBrowseActionSheetCell.h */ = {isa = PBXFileReference; fileEncoding = 4; lastKnownFileType = sourcecode.c.h; path = MSSBrowseActionSheetCell.h; sourceTree = "<group>"; };
		18DC362C1FFF286400F7CE21 /* MSSBrowseActionSheetCell.m */ = {isa = PBXFileReference; fileEncoding = 4; lastKnownFileType = sourcecode.c.objc; path = MSSBrowseActionSheetCell.m; sourceTree = "<group>"; };
		18DC362D1FFF286400F7CE21 /* MSSBrowseBaseViewController.h */ = {isa = PBXFileReference; fileEncoding = 4; lastKnownFileType = sourcecode.c.h; path = MSSBrowseBaseViewController.h; sourceTree = "<group>"; };
		18DC362E1FFF286400F7CE21 /* MSSBrowseBaseViewController.m */ = {isa = PBXFileReference; fileEncoding = 4; lastKnownFileType = sourcecode.c.objc; path = MSSBrowseBaseViewController.m; sourceTree = "<group>"; };
		18DC362F1FFF286400F7CE21 /* MSSBrowseCollectionViewCell.h */ = {isa = PBXFileReference; fileEncoding = 4; lastKnownFileType = sourcecode.c.h; path = MSSBrowseCollectionViewCell.h; sourceTree = "<group>"; };
		18DC36301FFF286400F7CE21 /* MSSBrowseCollectionViewCell.m */ = {isa = PBXFileReference; fileEncoding = 4; lastKnownFileType = sourcecode.c.objc; path = MSSBrowseCollectionViewCell.m; sourceTree = "<group>"; };
		18DC36311FFF286400F7CE21 /* MSSBrowseDefine.h */ = {isa = PBXFileReference; fileEncoding = 4; lastKnownFileType = sourcecode.c.h; path = MSSBrowseDefine.h; sourceTree = "<group>"; };
		18DC36321FFF286400F7CE21 /* MSSBrowseLoadingImageView.h */ = {isa = PBXFileReference; fileEncoding = 4; lastKnownFileType = sourcecode.c.h; path = MSSBrowseLoadingImageView.h; sourceTree = "<group>"; };
		18DC36331FFF286400F7CE21 /* MSSBrowseLoadingImageView.m */ = {isa = PBXFileReference; fileEncoding = 4; lastKnownFileType = sourcecode.c.objc; path = MSSBrowseLoadingImageView.m; sourceTree = "<group>"; };
		18DC36341FFF286400F7CE21 /* MSSBrowseLocalViewController.h */ = {isa = PBXFileReference; fileEncoding = 4; lastKnownFileType = sourcecode.c.h; path = MSSBrowseLocalViewController.h; sourceTree = "<group>"; };
		18DC36351FFF286400F7CE21 /* MSSBrowseLocalViewController.m */ = {isa = PBXFileReference; fileEncoding = 4; lastKnownFileType = sourcecode.c.objc; path = MSSBrowseLocalViewController.m; sourceTree = "<group>"; };
		18DC36361FFF286400F7CE21 /* MSSBrowseModel.h */ = {isa = PBXFileReference; fileEncoding = 4; lastKnownFileType = sourcecode.c.h; path = MSSBrowseModel.h; sourceTree = "<group>"; };
		18DC36371FFF286400F7CE21 /* MSSBrowseModel.m */ = {isa = PBXFileReference; fileEncoding = 4; lastKnownFileType = sourcecode.c.objc; path = MSSBrowseModel.m; sourceTree = "<group>"; };
		18DC36381FFF286400F7CE21 /* MSSBrowseNetworkViewController.h */ = {isa = PBXFileReference; fileEncoding = 4; lastKnownFileType = sourcecode.c.h; path = MSSBrowseNetworkViewController.h; sourceTree = "<group>"; };
		18DC36391FFF286400F7CE21 /* MSSBrowseNetworkViewController.m */ = {isa = PBXFileReference; fileEncoding = 4; lastKnownFileType = sourcecode.c.objc; path = MSSBrowseNetworkViewController.m; sourceTree = "<group>"; };
		18DC363A1FFF286400F7CE21 /* MSSBrowseRemindView.h */ = {isa = PBXFileReference; fileEncoding = 4; lastKnownFileType = sourcecode.c.h; path = MSSBrowseRemindView.h; sourceTree = "<group>"; };
		18DC363B1FFF286400F7CE21 /* MSSBrowseRemindView.m */ = {isa = PBXFileReference; fileEncoding = 4; lastKnownFileType = sourcecode.c.objc; path = MSSBrowseRemindView.m; sourceTree = "<group>"; };
		18DC363C1FFF286400F7CE21 /* MSSBrowseZoomScrollView.h */ = {isa = PBXFileReference; fileEncoding = 4; lastKnownFileType = sourcecode.c.h; path = MSSBrowseZoomScrollView.h; sourceTree = "<group>"; };
		18DC363D1FFF286400F7CE21 /* MSSBrowseZoomScrollView.m */ = {isa = PBXFileReference; fileEncoding = 4; lastKnownFileType = sourcecode.c.objc; path = MSSBrowseZoomScrollView.m; sourceTree = "<group>"; };
		18DC363E1FFF286400F7CE21 /* UIImage+MSSScale.h */ = {isa = PBXFileReference; fileEncoding = 4; lastKnownFileType = sourcecode.c.h; path = "UIImage+MSSScale.h"; sourceTree = "<group>"; };
		18DC363F1FFF286400F7CE21 /* UIImage+MSSScale.m */ = {isa = PBXFileReference; fileEncoding = 4; lastKnownFileType = sourcecode.c.objc; path = "UIImage+MSSScale.m"; sourceTree = "<group>"; };
		18DC36401FFF286400F7CE21 /* UIView+MSSLayout.h */ = {isa = PBXFileReference; fileEncoding = 4; lastKnownFileType = sourcecode.c.h; path = "UIView+MSSLayout.h"; sourceTree = "<group>"; };
		18DC36411FFF286400F7CE21 /* UIView+MSSLayout.m */ = {isa = PBXFileReference; fileEncoding = 4; lastKnownFileType = sourcecode.c.objc; path = "UIView+MSSLayout.m"; sourceTree = "<group>"; };
		1E684A6B9134C01E6EC552A0 /* Pods-GJDataCount.release.xcconfig */ = {isa = PBXFileReference; includeInIndex = 1; lastKnownFileType = text.xcconfig; name = "Pods-GJDataCount.release.xcconfig"; path = "Pods/Target Support Files/Pods-GJDataCount/Pods-GJDataCount.release.xcconfig"; sourceTree = "<group>"; };
		316782A9B75587A7B6631554 /* Pods-GJDataCount.debug.xcconfig */ = {isa = PBXFileReference; includeInIndex = 1; lastKnownFileType = text.xcconfig; name = "Pods-GJDataCount.debug.xcconfig"; path = "Pods/Target Support Files/Pods-GJDataCount/Pods-GJDataCount.debug.xcconfig"; sourceTree = "<group>"; };
		4281B94D13E724DCBA265DC4 /* Pods_GJDataCount.framework */ = {isa = PBXFileReference; explicitFileType = wrapper.framework; includeInIndex = 0; path = Pods_GJDataCount.framework; sourceTree = BUILT_PRODUCTS_DIR; };
/* End PBXFileReference section */

/* Begin PBXFrameworksBuildPhase section */
		18B06E501FBFCB170065F8A1 /* Frameworks */ = {
			isa = PBXFrameworksBuildPhase;
			buildActionMask = 2147483647;
			files = (
				56AF02767D70106A41994408 /* Pods_GJDataCount.framework in Frameworks */,
			);
			runOnlyForDeploymentPostprocessing = 0;
		};
		18B06E681FBFCB170065F8A1 /* Frameworks */ = {
			isa = PBXFrameworksBuildPhase;
			buildActionMask = 2147483647;
			files = (
			);
			runOnlyForDeploymentPostprocessing = 0;
		};
		18B06E731FBFCB170065F8A1 /* Frameworks */ = {
			isa = PBXFrameworksBuildPhase;
			buildActionMask = 2147483647;
			files = (
			);
			runOnlyForDeploymentPostprocessing = 0;
		};
/* End PBXFrameworksBuildPhase section */

/* Begin PBXGroup section */
		181FF8551FE522E7006A28B2 /* ZXPUnicode */ = {
			isa = PBXGroup;
			children = (
				181FF8561FE522E7006A28B2 /* NSArray+ ZXPUnicode.m */,
				181FF8571FE522E7006A28B2 /* NSArray+ZXPUnicode.h */,
				181FF8581FE522E7006A28B2 /* NSDictionary+ZXPUnicode.h */,
				181FF8591FE522E7006A28B2 /* NSDictionary+ZXPUnicode.m */,
				181FF85A1FE522E7006A28B2 /* NSObject+ZXPUnicode.h */,
				181FF85B1FE522E7006A28B2 /* NSObject+ZXPUnicode.m */,
			);
			path = ZXPUnicode;
			sourceTree = "<group>";
		};
		18301E5220061DCC00D06E0E /* TableCell */ = {
			isa = PBXGroup;
			children = (
				18301E5320061DCC00D06E0E /* Controller */,
			);
			path = TableCell;
			sourceTree = "<group>";
		};
		18301E5320061DCC00D06E0E /* Controller */ = {
			isa = PBXGroup;
			children = (
				18301E5420061DDD00D06E0E /* TableCellViewController.h */,
				18301E5520061DDD00D06E0E /* TableCellViewController.m */,
				18301E5720061E3600D06E0E /* PGTableViewCell.h */,
				18301E5820061E3600D06E0E /* PGTableViewCell.m */,
			);
			path = Controller;
			sourceTree = "<group>";
		};
		18B06E4A1FBFCB170065F8A1 = {
			isa = PBXGroup;
			children = (
				18B06E551FBFCB170065F8A1 /* GJDataCount */,
				18B06E6E1FBFCB170065F8A1 /* GJDataCountTests */,
				18B06E791FBFCB170065F8A1 /* GJDataCountUITests */,
				18B06E541FBFCB170065F8A1 /* Products */,
				D7EF3EC7A2D32F04997585C9 /* Pods */,
				CAAE0221317A22B019715F2E /* Frameworks */,
			);
			sourceTree = "<group>";
		};
		18B06E541FBFCB170065F8A1 /* Products */ = {
			isa = PBXGroup;
			children = (
				18B06E531FBFCB170065F8A1 /* GJDataCount.app */,
				18B06E6B1FBFCB170065F8A1 /* GJDataCountTests.xctest */,
				18B06E761FBFCB170065F8A1 /* GJDataCountUITests.xctest */,
			);
			name = Products;
			sourceTree = "<group>";
		};
		18B06E551FBFCB170065F8A1 /* GJDataCount */ = {
			isa = PBXGroup;
			children = (
				18B06E9A1FBFDFE10065F8A1 /* Category */,
				18B06E561FBFCB170065F8A1 /* AppDelegate.h */,
				18B06E571FBFCB170065F8A1 /* AppDelegate.m */,
				18B06E911FBFCF540065F8A1 /* TableViewController.h */,
				18B06E921FBFCF540065F8A1 /* TableViewController.m */,
				18B06EB01FC033580065F8A1 /* PrefixHeader.pch */,
				1897F9CA1FF32F08002BBBDC /* CustomCell.h */,
				1897F9C91FF32F08002BBBDC /* CustomCell.m */,
				18DC35B61FFF27DE00F7CE21 /* Class */,
				181FF8551FE522E7006A28B2 /* ZXPUnicode */,
				18B06E5C1FBFCB170065F8A1 /* Main.storyboard */,
				18B06E5F1FBFCB170065F8A1 /* Assets.xcassets */,
				18B06E611FBFCB170065F8A1 /* LaunchScreen.storyboard */,
				18B06E641FBFCB170065F8A1 /* Info.plist */,
				18B06E651FBFCB170065F8A1 /* main.m */,
			);
			path = GJDataCount;
			sourceTree = "<group>";
		};
		18B06E6E1FBFCB170065F8A1 /* GJDataCountTests */ = {
			isa = PBXGroup;
			children = (
				18B06E6F1FBFCB170065F8A1 /* GJDataCountTests.m */,
				18B06E711FBFCB170065F8A1 /* Info.plist */,
			);
			path = GJDataCountTests;
			sourceTree = "<group>";
		};
		18B06E791FBFCB170065F8A1 /* GJDataCountUITests */ = {
			isa = PBXGroup;
			children = (
				18B06E7A1FBFCB170065F8A1 /* GJDataCountUITests.m */,
				18B06E7C1FBFCB170065F8A1 /* Info.plist */,
			);
			path = GJDataCountUITests;
			sourceTree = "<group>";
		};
		18B06E9A1FBFDFE10065F8A1 /* Category */ = {
			isa = PBXGroup;
			children = (
				18B06EB41FC035060065F8A1 /* UIButton+Extension.h */,
				18B06EB51FC035060065F8A1 /* UIButton+Extension.m */,
				18B06E9B1FBFDFE10065F8A1 /* UIView+Extension.h */,
				18B06E9C1FBFDFE10065F8A1 /* UIView+Extension.m */,
			);
			path = Category;
			sourceTree = "<group>";
		};
		18DC35B61FFF27DE00F7CE21 /* Class */ = {
			isa = PBXGroup;
			children = (
				18301E5220061DCC00D06E0E /* TableCell */,
				18DC36211FFF282900F7CE21 /* Browsing(图片浏览) */,
				18DC35B71FFF27DE00F7CE21 /* AddBook(通讯录) */,
				18DC35C41FFF27DE00F7CE21 /* BrokenLine(折线图) */,
				18DC35CF1FFF27DE00F7CE21 /* Dialing(拨打电话) */,
				18DC35D41FFF27DE00F7CE21 /* PhotoBrowser */,
				18DC35D91FFF27DE00F7CE21 /* PieChart(饼图) */,
				18DC35E01FFF27DE00F7CE21 /* PlnKey(车牌键盘) */,
				18DC35EB1FFF27DE00F7CE21 /* StackView */,
				18DC35F61FFF27DE00F7CE21 /* Staging(分期) */,
				18DC35FF1FFF27DE00F7CE21 /* TimeSele(时间选择) */,
			);
			path = Class;
			sourceTree = "<group>";
		};
		18DC35B71FFF27DE00F7CE21 /* AddBook(通讯录) */ = {
			isa = PBXGroup;
			children = (
				18DC35B81FFF27DE00F7CE21 /* Controller */,
				18DC35BB1FFF27DE00F7CE21 /* Model */,
				18DC35C11FFF27DE00F7CE21 /* View */,
			);
			path = "AddBook(通讯录)";
			sourceTree = "<group>";
		};
		18DC35B81FFF27DE00F7CE21 /* Controller */ = {
			isa = PBXGroup;
			children = (
				18DC35B91FFF27DE00F7CE21 /* PGAddBookViewController.h */,
				18DC35BA1FFF27DE00F7CE21 /* PGAddBookViewController.m */,
			);
			path = Controller;
			sourceTree = "<group>";
		};
		18DC35BB1FFF27DE00F7CE21 /* Model */ = {
			isa = PBXGroup;
			children = (
				18DC35BC1FFF27DE00F7CE21 /* business.sqlite */,
				18DC35BD1FFF27DE00F7CE21 /* PGDivisionModel.h */,
				18DC35BE1FFF27DE00F7CE21 /* PGDivisionModel.m */,
				18DC35BF1FFF27DE00F7CE21 /* PGStaffModel.h */,
				18DC35C01FFF27DE00F7CE21 /* PGStaffModel.m */,
			);
			path = Model;
			sourceTree = "<group>";
		};
		18DC35C11FFF27DE00F7CE21 /* View */ = {
			isa = PBXGroup;
			children = (
				18DC35C21FFF27DE00F7CE21 /* PGAddBookView.h */,
				18DC35C31FFF27DE00F7CE21 /* PGAddBookView.m */,
			);
			path = View;
			sourceTree = "<group>";
		};
		18DC35C41FFF27DE00F7CE21 /* BrokenLine(折线图) */ = {
			isa = PBXGroup;
			children = (
				18DC35C51FFF27DE00F7CE21 /* Controller */,
				18DC35C81FFF27DE00F7CE21 /* View */,
			);
			path = "BrokenLine(折线图)";
			sourceTree = "<group>";
		};
		18DC35C51FFF27DE00F7CE21 /* Controller */ = {
			isa = PBXGroup;
			children = (
				18DC35C61FFF27DE00F7CE21 /* BrokenLineViewController.h */,
				18DC35C71FFF27DE00F7CE21 /* BrokenLineViewController.m */,
			);
			path = Controller;
			sourceTree = "<group>";
		};
		18DC35C81FFF27DE00F7CE21 /* View */ = {
			isa = PBXGroup;
			children = (
				18DC35C91FFF27DE00F7CE21 /* BrokenLineBackView.h */,
				18DC35CA1FFF27DE00F7CE21 /* BrokenLineBackView.m */,
				18DC35CB1FFF27DE00F7CE21 /* BrokenLineScrollView.h */,
				18DC35CC1FFF27DE00F7CE21 /* BrokenLineScrollView.m */,
				18DC35CD1FFF27DE00F7CE21 /* BrokenLineView.h */,
				18DC35CE1FFF27DE00F7CE21 /* BrokenLineView.m */,
			);
			path = View;
			sourceTree = "<group>";
		};
		18DC35CF1FFF27DE00F7CE21 /* Dialing(拨打电话) */ = {
			isa = PBXGroup;
			children = (
				18DC35D01FFF27DE00F7CE21 /* Controller */,
				18DC35D31FFF27DE00F7CE21 /* View */,
			);
			path = "Dialing(拨打电话)";
			sourceTree = "<group>";
		};
		18DC35D01FFF27DE00F7CE21 /* Controller */ = {
			isa = PBXGroup;
			children = (
				18DC35D11FFF27DE00F7CE21 /* DialingViewController.h */,
				18DC35D21FFF27DE00F7CE21 /* DialingViewController.m */,
			);
			path = Controller;
			sourceTree = "<group>";
		};
		18DC35D31FFF27DE00F7CE21 /* View */ = {
			isa = PBXGroup;
			children = (
			);
			path = View;
			sourceTree = "<group>";
		};
		18DC35D41FFF27DE00F7CE21 /* PhotoBrowser */ = {
			isa = PBXGroup;
			children = (
				18DC35D51FFF27DE00F7CE21 /* Controller */,
				18DC35D81FFF27DE00F7CE21 /* View */,
			);
			path = PhotoBrowser;
			sourceTree = "<group>";
		};
		18DC35D51FFF27DE00F7CE21 /* Controller */ = {
			isa = PBXGroup;
			children = (
				18DC35D61FFF27DE00F7CE21 /* PhotoBrowserViewController.h */,
				18DC35D71FFF27DE00F7CE21 /* PhotoBrowserViewController.m */,
			);
			path = Controller;
			sourceTree = "<group>";
		};
		18DC35D81FFF27DE00F7CE21 /* View */ = {
			isa = PBXGroup;
			children = (
			);
			path = View;
			sourceTree = "<group>";
		};
		18DC35D91FFF27DE00F7CE21 /* PieChart(饼图) */ = {
			isa = PBXGroup;
			children = (
				18DC35DA1FFF27DE00F7CE21 /* Controller */,
				18DC35DD1FFF27DE00F7CE21 /* View */,
			);
			path = "PieChart(饼图)";
			sourceTree = "<group>";
		};
		18DC35DA1FFF27DE00F7CE21 /* Controller */ = {
			isa = PBXGroup;
			children = (
				18DC35DB1FFF27DE00F7CE21 /* PieChartViewController.h */,
				18DC35DC1FFF27DE00F7CE21 /* PieChartViewController.m */,
			);
			path = Controller;
			sourceTree = "<group>";
		};
		18DC35DD1FFF27DE00F7CE21 /* View */ = {
			isa = PBXGroup;
			children = (
				18DC35DE1FFF27DE00F7CE21 /* PieChartView.h */,
				18DC35DF1FFF27DE00F7CE21 /* PieChartView.m */,
			);
			path = View;
			sourceTree = "<group>";
		};
		18DC35E01FFF27DE00F7CE21 /* PlnKey(车牌键盘) */ = {
			isa = PBXGroup;
			children = (
				18DC35E11FFF27DE00F7CE21 /* Controller */,
				18DC35E41FFF27DE00F7CE21 /* View */,
			);
			path = "PlnKey(车牌键盘)";
			sourceTree = "<group>";
		};
		18DC35E11FFF27DE00F7CE21 /* Controller */ = {
			isa = PBXGroup;
			children = (
				18DC35E21FFF27DE00F7CE21 /* PlnKeyViewController.h */,
				18DC35E31FFF27DE00F7CE21 /* PlnKeyViewController.m */,
			);
			path = Controller;
			sourceTree = "<group>";
		};
		18DC35E41FFF27DE00F7CE21 /* View */ = {
			isa = PBXGroup;
			children = (
				18DC35E51FFF27DE00F7CE21 /* CustomKeyboard.h */,
				18DC35E61FFF27DE00F7CE21 /* CustomKeyboard.m */,
				18DC35E71FFF27DE00F7CE21 /* CustomKeyboard.xib */,
				18DC35E81FFF27DE00F7CE21 /* PlateNumView.h */,
				18DC35E91FFF27DE00F7CE21 /* PlateNumView.m */,
				18DC35EA1FFF27DE00F7CE21 /* PlateNumView.xib */,
			);
			path = View;
			sourceTree = "<group>";
		};
		18DC35EB1FFF27DE00F7CE21 /* StackView */ = {
			isa = PBXGroup;
			children = (
				18DC35EC1FFF27DE00F7CE21 /* Controller */,
				18DC35EF1FFF27DE00F7CE21 /* View */,
			);
			path = StackView;
			sourceTree = "<group>";
		};
		18DC35EC1FFF27DE00F7CE21 /* Controller */ = {
			isa = PBXGroup;
			children = (
				18DC35ED1FFF27DE00F7CE21 /* StackViewViewController.h */,
				18DC35EE1FFF27DE00F7CE21 /* StackViewViewController.m */,
			);
			path = Controller;
			sourceTree = "<group>";
		};
		18DC35EF1FFF27DE00F7CE21 /* View */ = {
			isa = PBXGroup;
			children = (
				18DC35F01FFF27DE00F7CE21 /* PGActivityView.h */,
				18DC35F11FFF27DE00F7CE21 /* PGActivityView.m */,
				18DC35F21FFF27DE00F7CE21 /* PGQuickScreenView.h */,
				18DC35F31FFF27DE00F7CE21 /* PGQuickScreenView.m */,
				18DC35F41FFF27DE00F7CE21 /* PGQuickTermView.h */,
				18DC35F51FFF27DE00F7CE21 /* PGQuickTermView.m */,
			);
			path = View;
			sourceTree = "<group>";
		};
		18DC35F61FFF27DE00F7CE21 /* Staging(分期) */ = {
			isa = PBXGroup;
			children = (
				18DC35F71FFF27DE00F7CE21 /* Controller */,
				18DC35FA1FFF27DE00F7CE21 /* View */,
			);
			path = "Staging(分期)";
			sourceTree = "<group>";
		};
		18DC35F71FFF27DE00F7CE21 /* Controller */ = {
			isa = PBXGroup;
			children = (
				18DC35F81FFF27DE00F7CE21 /* PGStagingViewController.h */,
				18DC35F91FFF27DE00F7CE21 /* PGStagingViewController.m */,
			);
			path = Controller;
			sourceTree = "<group>";
		};
		18DC35FA1FFF27DE00F7CE21 /* View */ = {
			isa = PBXGroup;
			children = (
				18DC35FB1FFF27DE00F7CE21 /* PGStagingView.h */,
				18DC35FC1FFF27DE00F7CE21 /* PGStagingView.m */,
				18DC35FD1FFF27DE00F7CE21 /* PGTermView.h */,
				18DC35FE1FFF27DE00F7CE21 /* PGTermView.m */,
			);
			path = View;
			sourceTree = "<group>";
		};
		18DC35FF1FFF27DE00F7CE21 /* TimeSele(时间选择) */ = {
			isa = PBXGroup;
			children = (
				18DC36001FFF27DE00F7CE21 /* Controller */,
				18DC36031FFF27DE00F7CE21 /* View */,
			);
			path = "TimeSele(时间选择)";
			sourceTree = "<group>";
		};
		18DC36001FFF27DE00F7CE21 /* Controller */ = {
			isa = PBXGroup;
			children = (
				18DC36011FFF27DE00F7CE21 /* PGTimeSeleViewController.h */,
				18DC36021FFF27DE00F7CE21 /* PGTimeSeleViewController.m */,
			);
			path = Controller;
			sourceTree = "<group>";
		};
		18DC36031FFF27DE00F7CE21 /* View */ = {
			isa = PBXGroup;
			children = (
				18DC36041FFF27DE00F7CE21 /* PGTimeSeleView.h */,
				18DC36051FFF27DE00F7CE21 /* PGTimeSeleView.m */,
			);
			path = View;
			sourceTree = "<group>";
		};
		18DC36211FFF282900F7CE21 /* Browsing(图片浏览) */ = {
			isa = PBXGroup;
			children = (
				18DC36261FFF286400F7CE21 /* MSSBrowse */,
				18DC36221FFF282900F7CE21 /* Controller */,
			);
			path = "Browsing(图片浏览)";
			sourceTree = "<group>";
		};
		18DC36221FFF282900F7CE21 /* Controller */ = {
			isa = PBXGroup;
			children = (
				18DC36231FFF283E00F7CE21 /* PGBrowsingViewController.h */,
				18DC36241FFF283E00F7CE21 /* PGBrowsingViewController.m */,
			);
			path = Controller;
			sourceTree = "<group>";
		};
		18DC36261FFF286400F7CE21 /* MSSBrowse */ = {
			isa = PBXGroup;
			children = (
				18DC36271FFF286400F7CE21 /* mss_browseLoading@2x.png */,
				18DC36281FFF286400F7CE21 /* mss_browseLoading@3x.png */,
				18DC36291FFF286400F7CE21 /* MSSBrowseActionSheet.h */,
				18DC362A1FFF286400F7CE21 /* MSSBrowseActionSheet.m */,
				18DC362B1FFF286400F7CE21 /* MSSBrowseActionSheetCell.h */,
				18DC362C1FFF286400F7CE21 /* MSSBrowseActionSheetCell.m */,
				18DC362D1FFF286400F7CE21 /* MSSBrowseBaseViewController.h */,
				18DC362E1FFF286400F7CE21 /* MSSBrowseBaseViewController.m */,
				18DC362F1FFF286400F7CE21 /* MSSBrowseCollectionViewCell.h */,
				18DC36301FFF286400F7CE21 /* MSSBrowseCollectionViewCell.m */,
				18DC36311FFF286400F7CE21 /* MSSBrowseDefine.h */,
				18DC36321FFF286400F7CE21 /* MSSBrowseLoadingImageView.h */,
				18DC36331FFF286400F7CE21 /* MSSBrowseLoadingImageView.m */,
				18DC36341FFF286400F7CE21 /* MSSBrowseLocalViewController.h */,
				18DC36351FFF286400F7CE21 /* MSSBrowseLocalViewController.m */,
				18DC36361FFF286400F7CE21 /* MSSBrowseModel.h */,
				18DC36371FFF286400F7CE21 /* MSSBrowseModel.m */,
				18DC36381FFF286400F7CE21 /* MSSBrowseNetworkViewController.h */,
				18DC36391FFF286400F7CE21 /* MSSBrowseNetworkViewController.m */,
				18DC363A1FFF286400F7CE21 /* MSSBrowseRemindView.h */,
				18DC363B1FFF286400F7CE21 /* MSSBrowseRemindView.m */,
				18DC363C1FFF286400F7CE21 /* MSSBrowseZoomScrollView.h */,
				18DC363D1FFF286400F7CE21 /* MSSBrowseZoomScrollView.m */,
				18DC363E1FFF286400F7CE21 /* UIImage+MSSScale.h */,
				18DC363F1FFF286400F7CE21 /* UIImage+MSSScale.m */,
				18DC36401FFF286400F7CE21 /* UIView+MSSLayout.h */,
				18DC36411FFF286400F7CE21 /* UIView+MSSLayout.m */,
			);
			path = MSSBrowse;
			sourceTree = "<group>";
		};
		CAAE0221317A22B019715F2E /* Frameworks */ = {
			isa = PBXGroup;
			children = (
				4281B94D13E724DCBA265DC4 /* Pods_GJDataCount.framework */,
			);
			name = Frameworks;
			sourceTree = "<group>";
		};
		D7EF3EC7A2D32F04997585C9 /* Pods */ = {
			isa = PBXGroup;
			children = (
				316782A9B75587A7B6631554 /* Pods-GJDataCount.debug.xcconfig */,
				1E684A6B9134C01E6EC552A0 /* Pods-GJDataCount.release.xcconfig */,
			);
			name = Pods;
			sourceTree = "<group>";
		};
/* End PBXGroup section */

/* Begin PBXNativeTarget section */
		18B06E521FBFCB170065F8A1 /* GJDataCount */ = {
			isa = PBXNativeTarget;
			buildConfigurationList = 18B06E7F1FBFCB170065F8A1 /* Build configuration list for PBXNativeTarget "GJDataCount" */;
			buildPhases = (
				C7A9C27840E6A7610A2E6C66 /* [CP] Check Pods Manifest.lock */,
				18B06E4F1FBFCB170065F8A1 /* Sources */,
				18B06E501FBFCB170065F8A1 /* Frameworks */,
				18B06E511FBFCB170065F8A1 /* Resources */,
				0C534E85084805F7CF1C5B45 /* [CP] Embed Pods Frameworks */,
				1A39943C624EA1D45150E8EF /* [CP] Copy Pods Resources */,
			);
			buildRules = (
			);
			dependencies = (
			);
			name = GJDataCount;
			productName = GJDataCount;
			productReference = 18B06E531FBFCB170065F8A1 /* GJDataCount.app */;
			productType = "com.apple.product-type.application";
		};
		18B06E6A1FBFCB170065F8A1 /* GJDataCountTests */ = {
			isa = PBXNativeTarget;
			buildConfigurationList = 18B06E821FBFCB170065F8A1 /* Build configuration list for PBXNativeTarget "GJDataCountTests" */;
			buildPhases = (
				18B06E671FBFCB170065F8A1 /* Sources */,
				18B06E681FBFCB170065F8A1 /* Frameworks */,
				18B06E691FBFCB170065F8A1 /* Resources */,
			);
			buildRules = (
			);
			dependencies = (
				18B06E6D1FBFCB170065F8A1 /* PBXTargetDependency */,
			);
			name = GJDataCountTests;
			productName = GJDataCountTests;
			productReference = 18B06E6B1FBFCB170065F8A1 /* GJDataCountTests.xctest */;
			productType = "com.apple.product-type.bundle.unit-test";
		};
		18B06E751FBFCB170065F8A1 /* GJDataCountUITests */ = {
			isa = PBXNativeTarget;
			buildConfigurationList = 18B06E851FBFCB170065F8A1 /* Build configuration list for PBXNativeTarget "GJDataCountUITests" */;
			buildPhases = (
				18B06E721FBFCB170065F8A1 /* Sources */,
				18B06E731FBFCB170065F8A1 /* Frameworks */,
				18B06E741FBFCB170065F8A1 /* Resources */,
			);
			buildRules = (
			);
			dependencies = (
				18B06E781FBFCB170065F8A1 /* PBXTargetDependency */,
			);
			name = GJDataCountUITests;
			productName = GJDataCountUITests;
			productReference = 18B06E761FBFCB170065F8A1 /* GJDataCountUITests.xctest */;
			productType = "com.apple.product-type.bundle.ui-testing";
		};
/* End PBXNativeTarget section */

/* Begin PBXProject section */
		18B06E4B1FBFCB170065F8A1 /* Project object */ = {
			isa = PBXProject;
			attributes = {
				CLASSPREFIX = PG;
				LastUpgradeCheck = 0910;
				ORGANIZATIONNAME = apple;
				TargetAttributes = {
					18B06E521FBFCB170065F8A1 = {
						CreatedOnToolsVersion = 9.1;
						ProvisioningStyle = Automatic;
					};
					18B06E6A1FBFCB170065F8A1 = {
						CreatedOnToolsVersion = 9.1;
						ProvisioningStyle = Automatic;
						TestTargetID = 18B06E521FBFCB170065F8A1;
					};
					18B06E751FBFCB170065F8A1 = {
						CreatedOnToolsVersion = 9.1;
						ProvisioningStyle = Automatic;
						TestTargetID = 18B06E521FBFCB170065F8A1;
					};
				};
			};
			buildConfigurationList = 18B06E4E1FBFCB170065F8A1 /* Build configuration list for PBXProject "GJDataCount" */;
			compatibilityVersion = "Xcode 8.0";
			developmentRegion = en;
			hasScannedForEncodings = 0;
			knownRegions = (
				en,
				Base,
			);
			mainGroup = 18B06E4A1FBFCB170065F8A1;
			productRefGroup = 18B06E541FBFCB170065F8A1 /* Products */;
			projectDirPath = "";
			projectRoot = "";
			targets = (
				18B06E521FBFCB170065F8A1 /* GJDataCount */,
				18B06E6A1FBFCB170065F8A1 /* GJDataCountTests */,
				18B06E751FBFCB170065F8A1 /* GJDataCountUITests */,
			);
		};
/* End PBXProject section */

/* Begin PBXResourcesBuildPhase section */
		18B06E511FBFCB170065F8A1 /* Resources */ = {
			isa = PBXResourcesBuildPhase;
			buildActionMask = 2147483647;
			files = (
				18DC36431FFF286400F7CE21 /* mss_browseLoading@3x.png in Resources */,
				18DC36421FFF286400F7CE21 /* mss_browseLoading@2x.png in Resources */,
				18DC36171FFF27DE00F7CE21 /* PlateNumView.xib in Resources */,
				18B06E631FBFCB170065F8A1 /* LaunchScreen.storyboard in Resources */,
				18B06E601FBFCB170065F8A1 /* Assets.xcassets in Resources */,
				18B06E5E1FBFCB170065F8A1 /* Main.storyboard in Resources */,
				18DC36071FFF27DE00F7CE21 /* business.sqlite in Resources */,
				18DC36151FFF27DE00F7CE21 /* CustomKeyboard.xib in Resources */,
			);
			runOnlyForDeploymentPostprocessing = 0;
		};
		18B06E691FBFCB170065F8A1 /* Resources */ = {
			isa = PBXResourcesBuildPhase;
			buildActionMask = 2147483647;
			files = (
			);
			runOnlyForDeploymentPostprocessing = 0;
		};
		18B06E741FBFCB170065F8A1 /* Resources */ = {
			isa = PBXResourcesBuildPhase;
			buildActionMask = 2147483647;
			files = (
			);
			runOnlyForDeploymentPostprocessing = 0;
		};
/* End PBXResourcesBuildPhase section */

/* Begin PBXShellScriptBuildPhase section */
		0C534E85084805F7CF1C5B45 /* [CP] Embed Pods Frameworks */ = {
			isa = PBXShellScriptBuildPhase;
			buildActionMask = 2147483647;
			files = (
			);
			inputPaths = (
				"${SRCROOT}/Pods/Target Support Files/Pods-GJDataCount/Pods-GJDataCount-frameworks.sh",
				"${BUILT_PRODUCTS_DIR}/DACircularProgress/DACircularProgress.framework",
				"${BUILT_PRODUCTS_DIR}/FMDB/FMDB.framework",
				"${BUILT_PRODUCTS_DIR}/MBProgressHUD/MBProgressHUD.framework",
				"${BUILT_PRODUCTS_DIR}/MWPhotoBrowser/MWPhotoBrowser.framework",
				"${BUILT_PRODUCTS_DIR}/Masonry/Masonry.framework",
				"${BUILT_PRODUCTS_DIR}/ReactiveObjC/ReactiveObjC.framework",
				"${BUILT_PRODUCTS_DIR}/SDWebImage/SDWebImage.framework",
			);
			name = "[CP] Embed Pods Frameworks";
			outputPaths = (
				"${TARGET_BUILD_DIR}/${FRAMEWORKS_FOLDER_PATH}/DACircularProgress.framework",
				"${TARGET_BUILD_DIR}/${FRAMEWORKS_FOLDER_PATH}/FMDB.framework",
				"${TARGET_BUILD_DIR}/${FRAMEWORKS_FOLDER_PATH}/MBProgressHUD.framework",
				"${TARGET_BUILD_DIR}/${FRAMEWORKS_FOLDER_PATH}/MWPhotoBrowser.framework",
				"${TARGET_BUILD_DIR}/${FRAMEWORKS_FOLDER_PATH}/Masonry.framework",
				"${TARGET_BUILD_DIR}/${FRAMEWORKS_FOLDER_PATH}/ReactiveObjC.framework",
				"${TARGET_BUILD_DIR}/${FRAMEWORKS_FOLDER_PATH}/SDWebImage.framework",
			);
			runOnlyForDeploymentPostprocessing = 0;
			shellPath = /bin/sh;
			shellScript = "\"${SRCROOT}/Pods/Target Support Files/Pods-GJDataCount/Pods-GJDataCount-frameworks.sh\"\n";
			showEnvVarsInLog = 0;
		};
		1A39943C624EA1D45150E8EF /* [CP] Copy Pods Resources */ = {
			isa = PBXShellScriptBuildPhase;
			buildActionMask = 2147483647;
			files = (
			);
			inputPaths = (
			);
			name = "[CP] Copy Pods Resources";
			outputPaths = (
			);
			runOnlyForDeploymentPostprocessing = 0;
			shellPath = /bin/sh;
			shellScript = "\"${SRCROOT}/Pods/Target Support Files/Pods-GJDataCount/Pods-GJDataCount-resources.sh\"\n";
			showEnvVarsInLog = 0;
		};
		C7A9C27840E6A7610A2E6C66 /* [CP] Check Pods Manifest.lock */ = {
			isa = PBXShellScriptBuildPhase;
			buildActionMask = 2147483647;
			files = (
			);
			inputPaths = (
				"${PODS_PODFILE_DIR_PATH}/Podfile.lock",
				"${PODS_ROOT}/Manifest.lock",
			);
			name = "[CP] Check Pods Manifest.lock";
			outputPaths = (
				"$(DERIVED_FILE_DIR)/Pods-GJDataCount-checkManifestLockResult.txt",
			);
			runOnlyForDeploymentPostprocessing = 0;
			shellPath = /bin/sh;
			shellScript = "diff \"${PODS_PODFILE_DIR_PATH}/Podfile.lock\" \"${PODS_ROOT}/Manifest.lock\" > /dev/null\nif [ $? != 0 ] ; then\n    # print error to STDERR\n    echo \"error: The sandbox is not in sync with the Podfile.lock. Run 'pod install' or update your CocoaPods installation.\" >&2\n    exit 1\nfi\n# This output is used by Xcode 'outputs' to avoid re-running this script phase.\necho \"SUCCESS\" > \"${SCRIPT_OUTPUT_FILE_0}\"\n";
			showEnvVarsInLog = 0;
		};
/* End PBXShellScriptBuildPhase section */

/* Begin PBXSourcesBuildPhase section */
		18B06E4F1FBFCB170065F8A1 /* Sources */ = {
			isa = PBXSourcesBuildPhase;
			buildActionMask = 2147483647;
			files = (
				18DC36201FFF27DE00F7CE21 /* PGTimeSeleView.m in Sources */,
				181FF85D1FE522E7006A28B2 /* NSDictionary+ZXPUnicode.m in Sources */,
				18DC36251FFF283E00F7CE21 /* PGBrowsingViewController.m in Sources */,
				18DC36091FFF27DE00F7CE21 /* PGStaffModel.m in Sources */,
				18DC364B1FFF286400F7CE21 /* MSSBrowseNetworkViewController.m in Sources */,
				18DC36111FFF27DE00F7CE21 /* PieChartViewController.m in Sources */,
				18DC361F1FFF27DE00F7CE21 /* PGTimeSeleViewController.m in Sources */,
				18B06E661FBFCB170065F8A1 /* main.m in Sources */,
				18DC360C1FFF27DE00F7CE21 /* BrokenLineBackView.m in Sources */,
				18DC364C1FFF286400F7CE21 /* MSSBrowseRemindView.m in Sources */,
				18DC364A1FFF286400F7CE21 /* MSSBrowseModel.m in Sources */,
				18DC36491FFF286400F7CE21 /* MSSBrowseLocalViewController.m in Sources */,
				18DC361C1FFF27DE00F7CE21 /* PGStagingViewController.m in Sources */,
				18DC36121FFF27DE00F7CE21 /* PieChartView.m in Sources */,
				18DC36471FFF286400F7CE21 /* MSSBrowseCollectionViewCell.m in Sources */,
				18DC360D1FFF27DE00F7CE21 /* BrokenLineScrollView.m in Sources */,
				18B06EB61FC035060065F8A1 /* UIButton+Extension.m in Sources */,
				18B06E931FBFCF540065F8A1 /* TableViewController.m in Sources */,
				18B06E9D1FBFDFE10065F8A1 /* UIView+Extension.m in Sources */,
				18DC36161FFF27DE00F7CE21 /* PlateNumView.m in Sources */,
				181FF85C1FE522E7006A28B2 /* NSArray+ ZXPUnicode.m in Sources */,
				18DC36141FFF27DE00F7CE21 /* CustomKeyboard.m in Sources */,
				18DC36441FFF286400F7CE21 /* MSSBrowseActionSheet.m in Sources */,
				18DC36481FFF286400F7CE21 /* MSSBrowseLoadingImageView.m in Sources */,
				18DC361A1FFF27DE00F7CE21 /* PGQuickScreenView.m in Sources */,
				18DC360E1FFF27DE00F7CE21 /* BrokenLineView.m in Sources */,
				18DC360B1FFF27DE00F7CE21 /* BrokenLineViewController.m in Sources */,
				18DC36131FFF27DE00F7CE21 /* PlnKeyViewController.m in Sources */,
				18DC36101FFF27DE00F7CE21 /* PhotoBrowserViewController.m in Sources */,
				18DC36061FFF27DE00F7CE21 /* PGAddBookViewController.m in Sources */,
				18DC361B1FFF27DE00F7CE21 /* PGQuickTermView.m in Sources */,
				18DC361D1FFF27DE00F7CE21 /* PGStagingView.m in Sources */,
				18DC364D1FFF286400F7CE21 /* MSSBrowseZoomScrollView.m in Sources */,
				18DC36191FFF27DE00F7CE21 /* PGActivityView.m in Sources */,
				18301E5620061DDD00D06E0E /* TableCellViewController.m in Sources */,
				18DC360A1FFF27DE00F7CE21 /* PGAddBookView.m in Sources */,
				18DC364E1FFF286400F7CE21 /* UIImage+MSSScale.m in Sources */,
				18DC364F1FFF286400F7CE21 /* UIView+MSSLayout.m in Sources */,
				18301E5920061E3600D06E0E /* PGTableViewCell.m in Sources */,
				18DC361E1FFF27DE00F7CE21 /* PGTermView.m in Sources */,
				18DC36461FFF286400F7CE21 /* MSSBrowseBaseViewController.m in Sources */,
				18DC36451FFF286400F7CE21 /* MSSBrowseActionSheetCell.m in Sources */,
				18DC36181FFF27DE00F7CE21 /* StackViewViewController.m in Sources */,
				18B06E581FBFCB170065F8A1 /* AppDelegate.m in Sources */,
				18DC36081FFF27DE00F7CE21 /* PGDivisionModel.m in Sources */,
				181FF85E1FE522E7006A28B2 /* NSObject+ZXPUnicode.m in Sources */,
				1897F9CB1FF32F08002BBBDC /* CustomCell.m in Sources */,
				18DC360F1FFF27DE00F7CE21 /* DialingViewController.m in Sources */,
			);
			runOnlyForDeploymentPostprocessing = 0;
		};
		18B06E671FBFCB170065F8A1 /* Sources */ = {
			isa = PBXSourcesBuildPhase;
			buildActionMask = 2147483647;
			files = (
				18B06E701FBFCB170065F8A1 /* GJDataCountTests.m in Sources */,
			);
			runOnlyForDeploymentPostprocessing = 0;
		};
		18B06E721FBFCB170065F8A1 /* Sources */ = {
			isa = PBXSourcesBuildPhase;
			buildActionMask = 2147483647;
			files = (
				18B06E7B1FBFCB170065F8A1 /* GJDataCountUITests.m in Sources */,
			);
			runOnlyForDeploymentPostprocessing = 0;
		};
/* End PBXSourcesBuildPhase section */

/* Begin PBXTargetDependency section */
		18B06E6D1FBFCB170065F8A1 /* PBXTargetDependency */ = {
			isa = PBXTargetDependency;
			target = 18B06E521FBFCB170065F8A1 /* GJDataCount */;
			targetProxy = 18B06E6C1FBFCB170065F8A1 /* PBXContainerItemProxy */;
		};
		18B06E781FBFCB170065F8A1 /* PBXTargetDependency */ = {
			isa = PBXTargetDependency;
			target = 18B06E521FBFCB170065F8A1 /* GJDataCount */;
			targetProxy = 18B06E771FBFCB170065F8A1 /* PBXContainerItemProxy */;
		};
/* End PBXTargetDependency section */

/* Begin PBXVariantGroup section */
		18B06E5C1FBFCB170065F8A1 /* Main.storyboard */ = {
			isa = PBXVariantGroup;
			children = (
				18B06E5D1FBFCB170065F8A1 /* Base */,
			);
			name = Main.storyboard;
			sourceTree = "<group>";
		};
		18B06E611FBFCB170065F8A1 /* LaunchScreen.storyboard */ = {
			isa = PBXVariantGroup;
			children = (
				18B06E621FBFCB170065F8A1 /* Base */,
			);
			name = LaunchScreen.storyboard;
			sourceTree = "<group>";
		};
/* End PBXVariantGroup section */

/* Begin XCBuildConfiguration section */
		18B06E7D1FBFCB170065F8A1 /* Debug */ = {
			isa = XCBuildConfiguration;
			buildSettings = {
				ALWAYS_SEARCH_USER_PATHS = NO;
				CLANG_ANALYZER_NONNULL = YES;
				CLANG_ANALYZER_NUMBER_OBJECT_CONVERSION = YES_AGGRESSIVE;
				CLANG_CXX_LANGUAGE_STANDARD = "gnu++14";
				CLANG_CXX_LIBRARY = "libc++";
				CLANG_ENABLE_MODULES = YES;
				CLANG_ENABLE_OBJC_ARC = YES;
				CLANG_WARN_BLOCK_CAPTURE_AUTORELEASING = YES;
				CLANG_WARN_BOOL_CONVERSION = YES;
				CLANG_WARN_COMMA = YES;
				CLANG_WARN_CONSTANT_CONVERSION = YES;
				CLANG_WARN_DIRECT_OBJC_ISA_USAGE = YES_ERROR;
				CLANG_WARN_DOCUMENTATION_COMMENTS = YES;
				CLANG_WARN_EMPTY_BODY = YES;
				CLANG_WARN_ENUM_CONVERSION = YES;
				CLANG_WARN_INFINITE_RECURSION = YES;
				CLANG_WARN_INT_CONVERSION = YES;
				CLANG_WARN_NON_LITERAL_NULL_CONVERSION = YES;
				CLANG_WARN_OBJC_LITERAL_CONVERSION = YES;
				CLANG_WARN_OBJC_ROOT_CLASS = YES_ERROR;
				CLANG_WARN_RANGE_LOOP_ANALYSIS = YES;
				CLANG_WARN_STRICT_PROTOTYPES = YES;
				CLANG_WARN_SUSPICIOUS_MOVE = YES;
				CLANG_WARN_UNGUARDED_AVAILABILITY = YES_AGGRESSIVE;
				CLANG_WARN_UNREACHABLE_CODE = YES;
				CLANG_WARN__DUPLICATE_METHOD_MATCH = YES;
				CODE_SIGN_IDENTITY = "iPhone Developer";
				COPY_PHASE_STRIP = NO;
				DEBUG_INFORMATION_FORMAT = dwarf;
				ENABLE_STRICT_OBJC_MSGSEND = YES;
				ENABLE_TESTABILITY = YES;
				GCC_C_LANGUAGE_STANDARD = gnu11;
				GCC_DYNAMIC_NO_PIC = NO;
				GCC_NO_COMMON_BLOCKS = YES;
				GCC_OPTIMIZATION_LEVEL = 0;
				GCC_PREPROCESSOR_DEFINITIONS = (
					"DEBUG=1",
					"$(inherited)",
				);
				GCC_WARN_64_TO_32_BIT_CONVERSION = YES;
				GCC_WARN_ABOUT_RETURN_TYPE = YES_ERROR;
				GCC_WARN_UNDECLARED_SELECTOR = YES;
				GCC_WARN_UNINITIALIZED_AUTOS = YES_AGGRESSIVE;
				GCC_WARN_UNUSED_FUNCTION = YES;
				GCC_WARN_UNUSED_VARIABLE = YES;
				IPHONEOS_DEPLOYMENT_TARGET = 11.1;
				MTL_ENABLE_DEBUG_INFO = YES;
				ONLY_ACTIVE_ARCH = YES;
				SDKROOT = iphoneos;
			};
			name = Debug;
		};
		18B06E7E1FBFCB170065F8A1 /* Release */ = {
			isa = XCBuildConfiguration;
			buildSettings = {
				ALWAYS_SEARCH_USER_PATHS = NO;
				CLANG_ANALYZER_NONNULL = YES;
				CLANG_ANALYZER_NUMBER_OBJECT_CONVERSION = YES_AGGRESSIVE;
				CLANG_CXX_LANGUAGE_STANDARD = "gnu++14";
				CLANG_CXX_LIBRARY = "libc++";
				CLANG_ENABLE_MODULES = YES;
				CLANG_ENABLE_OBJC_ARC = YES;
				CLANG_WARN_BLOCK_CAPTURE_AUTORELEASING = YES;
				CLANG_WARN_BOOL_CONVERSION = YES;
				CLANG_WARN_COMMA = YES;
				CLANG_WARN_CONSTANT_CONVERSION = YES;
				CLANG_WARN_DIRECT_OBJC_ISA_USAGE = YES_ERROR;
				CLANG_WARN_DOCUMENTATION_COMMENTS = YES;
				CLANG_WARN_EMPTY_BODY = YES;
				CLANG_WARN_ENUM_CONVERSION = YES;
				CLANG_WARN_INFINITE_RECURSION = YES;
				CLANG_WARN_INT_CONVERSION = YES;
				CLANG_WARN_NON_LITERAL_NULL_CONVERSION = YES;
				CLANG_WARN_OBJC_LITERAL_CONVERSION = YES;
				CLANG_WARN_OBJC_ROOT_CLASS = YES_ERROR;
				CLANG_WARN_RANGE_LOOP_ANALYSIS = YES;
				CLANG_WARN_STRICT_PROTOTYPES = YES;
				CLANG_WARN_SUSPICIOUS_MOVE = YES;
				CLANG_WARN_UNGUARDED_AVAILABILITY = YES_AGGRESSIVE;
				CLANG_WARN_UNREACHABLE_CODE = YES;
				CLANG_WARN__DUPLICATE_METHOD_MATCH = YES;
				CODE_SIGN_IDENTITY = "iPhone Developer";
				COPY_PHASE_STRIP = NO;
				DEBUG_INFORMATION_FORMAT = "dwarf-with-dsym";
				ENABLE_NS_ASSERTIONS = NO;
				ENABLE_STRICT_OBJC_MSGSEND = YES;
				GCC_C_LANGUAGE_STANDARD = gnu11;
				GCC_NO_COMMON_BLOCKS = YES;
				GCC_WARN_64_TO_32_BIT_CONVERSION = YES;
				GCC_WARN_ABOUT_RETURN_TYPE = YES_ERROR;
				GCC_WARN_UNDECLARED_SELECTOR = YES;
				GCC_WARN_UNINITIALIZED_AUTOS = YES_AGGRESSIVE;
				GCC_WARN_UNUSED_FUNCTION = YES;
				GCC_WARN_UNUSED_VARIABLE = YES;
				IPHONEOS_DEPLOYMENT_TARGET = 11.1;
				MTL_ENABLE_DEBUG_INFO = NO;
				SDKROOT = iphoneos;
				VALIDATE_PRODUCT = YES;
			};
			name = Release;
		};
		18B06E801FBFCB170065F8A1 /* Debug */ = {
			isa = XCBuildConfiguration;
			baseConfigurationReference = 316782A9B75587A7B6631554 /* Pods-GJDataCount.debug.xcconfig */;
			buildSettings = {
				ASSETCATALOG_COMPILER_APPICON_NAME = AppIcon;
				CODE_SIGN_STYLE = Automatic;
				DEVELOPMENT_TEAM = 8YUTCZ5YC9;
				GCC_PREFIX_HEADER = /Users/apple/Desktop/GJDataCount/GJDataCount/PrefixHeader.pch;
				INFOPLIST_FILE = GJDataCount/Info.plist;
				LD_RUNPATH_SEARCH_PATHS = "$(inherited) @executable_path/Frameworks";
				PRODUCT_BUNDLE_IDENTIFIER = com.ParkingSpace.GJDataCount;
				PRODUCT_NAME = "$(TARGET_NAME)";
				TARGETED_DEVICE_FAMILY = "1,2";
				USER_HEADER_SEARCH_PATHS = "${SRCROOT}/**";
			};
			name = Debug;
		};
		18B06E811FBFCB170065F8A1 /* Release */ = {
			isa = XCBuildConfiguration;
			baseConfigurationReference = 1E684A6B9134C01E6EC552A0 /* Pods-GJDataCount.release.xcconfig */;
			buildSettings = {
				ASSETCATALOG_COMPILER_APPICON_NAME = AppIcon;
				CODE_SIGN_STYLE = Automatic;
				DEVELOPMENT_TEAM = 8YUTCZ5YC9;
				GCC_PREFIX_HEADER = /Users/apple/Desktop/GJDataCount/GJDataCount/PrefixHeader.pch;
				INFOPLIST_FILE = GJDataCount/Info.plist;
				LD_RUNPATH_SEARCH_PATHS = "$(inherited) @executable_path/Frameworks";
				PRODUCT_BUNDLE_IDENTIFIER = com.ParkingSpace.GJDataCount;
				PRODUCT_NAME = "$(TARGET_NAME)";
				TARGETED_DEVICE_FAMILY = "1,2";
				USER_HEADER_SEARCH_PATHS = "${SRCROOT}/**";
			};
			name = Release;
		};
		18B06E831FBFCB170065F8A1 /* Debug */ = {
			isa = XCBuildConfiguration;
			buildSettings = {
				BUNDLE_LOADER = "$(TEST_HOST)";
				CODE_SIGN_STYLE = Automatic;
				INFOPLIST_FILE = GJDataCountTests/Info.plist;
				LD_RUNPATH_SEARCH_PATHS = "$(inherited) @executable_path/Frameworks @loader_path/Frameworks";
				PRODUCT_BUNDLE_IDENTIFIER = com.ParkingSpace.GJDataCountTests;
				PRODUCT_NAME = "$(TARGET_NAME)";
				TARGETED_DEVICE_FAMILY = "1,2";
				TEST_HOST = "$(BUILT_PRODUCTS_DIR)/GJDataCount.app/GJDataCount";
			};
			name = Debug;
		};
		18B06E841FBFCB170065F8A1 /* Release */ = {
			isa = XCBuildConfiguration;
			buildSettings = {
				BUNDLE_LOADER = "$(TEST_HOST)";
				CODE_SIGN_STYLE = Automatic;
				INFOPLIST_FILE = GJDataCountTests/Info.plist;
				LD_RUNPATH_SEARCH_PATHS = "$(inherited) @executable_path/Frameworks @loader_path/Frameworks";
				PRODUCT_BUNDLE_IDENTIFIER = com.ParkingSpace.GJDataCountTests;
				PRODUCT_NAME = "$(TARGET_NAME)";
				TARGETED_DEVICE_FAMILY = "1,2";
				TEST_HOST = "$(BUILT_PRODUCTS_DIR)/GJDataCount.app/GJDataCount";
			};
			name = Release;
		};
		18B06E861FBFCB170065F8A1 /* Debug */ = {
			isa = XCBuildConfiguration;
			buildSettings = {
				CODE_SIGN_STYLE = Automatic;
				INFOPLIST_FILE = GJDataCountUITests/Info.plist;
				LD_RUNPATH_SEARCH_PATHS = "$(inherited) @executable_path/Frameworks @loader_path/Frameworks";
				PRODUCT_BUNDLE_IDENTIFIER = com.ParkingSpace.GJDataCountUITests;
				PRODUCT_NAME = "$(TARGET_NAME)";
				TARGETED_DEVICE_FAMILY = "1,2";
				TEST_TARGET_NAME = GJDataCount;
			};
			name = Debug;
		};
		18B06E871FBFCB170065F8A1 /* Release */ = {
			isa = XCBuildConfiguration;
			buildSettings = {
				CODE_SIGN_STYLE = Automatic;
				INFOPLIST_FILE = GJDataCountUITests/Info.plist;
				LD_RUNPATH_SEARCH_PATHS = "$(inherited) @executable_path/Frameworks @loader_path/Frameworks";
				PRODUCT_BUNDLE_IDENTIFIER = com.ParkingSpace.GJDataCountUITests;
				PRODUCT_NAME = "$(TARGET_NAME)";
				TARGETED_DEVICE_FAMILY = "1,2";
				TEST_TARGET_NAME = GJDataCount;
			};
			name = Release;
		};
/* End XCBuildConfiguration section */

/* Begin XCConfigurationList section */
		18B06E4E1FBFCB170065F8A1 /* Build configuration list for PBXProject "GJDataCount" */ = {
			isa = XCConfigurationList;
			buildConfigurations = (
				18B06E7D1FBFCB170065F8A1 /* Debug */,
				18B06E7E1FBFCB170065F8A1 /* Release */,
			);
			defaultConfigurationIsVisible = 0;
			defaultConfigurationName = Release;
		};
		18B06E7F1FBFCB170065F8A1 /* Build configuration list for PBXNativeTarget "GJDataCount" */ = {
			isa = XCConfigurationList;
			buildConfigurations = (
				18B06E801FBFCB170065F8A1 /* Debug */,
				18B06E811FBFCB170065F8A1 /* Release */,
			);
			defaultConfigurationIsVisible = 0;
			defaultConfigurationName = Release;
		};
		18B06E821FBFCB170065F8A1 /* Build configuration list for PBXNativeTarget "GJDataCountTests" */ = {
			isa = XCConfigurationList;
			buildConfigurations = (
				18B06E831FBFCB170065F8A1 /* Debug */,
				18B06E841FBFCB170065F8A1 /* Release */,
			);
			defaultConfigurationIsVisible = 0;
			defaultConfigurationName = Release;
		};
		18B06E851FBFCB170065F8A1 /* Build configuration list for PBXNativeTarget "GJDataCountUITests" */ = {
			isa = XCConfigurationList;
			buildConfigurations = (
				18B06E861FBFCB170065F8A1 /* Debug */,
				18B06E871FBFCB170065F8A1 /* Release */,
			);
			defaultConfigurationIsVisible = 0;
			defaultConfigurationName = Release;
		};
/* End XCConfigurationList section */
	};
	rootObject = 18B06E4B1FBFCB170065F8A1 /* Project object */;
}
