// !$*UTF8*$!
{
	archiveVersion = 1;
	classes = {
	};
	objectVersion = 48;
	objects = {

/* Begin PBXBuildFile section */
		1811C8BF1FCD513D00259FC5 /* PieChartViewController.m in Sources */ = {isa = PBXBuildFile; fileRef = 1811C8BE1FCD513D00259FC5 /* PieChartViewController.m */; };
		1811C8C21FCD514800259FC5 /* PieChartView.m in Sources */ = {isa = PBXBuildFile; fileRef = 1811C8C11FCD514800259FC5 /* PieChartView.m */; };
		185DB1881FD0E5B900C0FAA5 /* PGActivityView.m in Sources */ = {isa = PBXBuildFile; fileRef = 185DB1871FD0E5B900C0FAA5 /* PGActivityView.m */; };
		185F40711FDE1C1300BE0D82 /* PhotoBrowserViewController.m in Sources */ = {isa = PBXBuildFile; fileRef = 185F40701FDE1C1300BE0D82 /* PhotoBrowserViewController.m */; };
		18B06E581FBFCB170065F8A1 /* AppDelegate.m in Sources */ = {isa = PBXBuildFile; fileRef = 18B06E571FBFCB170065F8A1 /* AppDelegate.m */; };
		18B06E5E1FBFCB170065F8A1 /* Main.storyboard in Resources */ = {isa = PBXBuildFile; fileRef = 18B06E5C1FBFCB170065F8A1 /* Main.storyboard */; };
		18B06E601FBFCB170065F8A1 /* Assets.xcassets in Resources */ = {isa = PBXBuildFile; fileRef = 18B06E5F1FBFCB170065F8A1 /* Assets.xcassets */; };
		18B06E631FBFCB170065F8A1 /* LaunchScreen.storyboard in Resources */ = {isa = PBXBuildFile; fileRef = 18B06E611FBFCB170065F8A1 /* LaunchScreen.storyboard */; };
		18B06E661FBFCB170065F8A1 /* main.m in Sources */ = {isa = PBXBuildFile; fileRef = 18B06E651FBFCB170065F8A1 /* main.m */; };
		18B06E701FBFCB170065F8A1 /* GJDataCountTests.m in Sources */ = {isa = PBXBuildFile; fileRef = 18B06E6F1FBFCB170065F8A1 /* GJDataCountTests.m */; };
		18B06E7B1FBFCB170065F8A1 /* GJDataCountUITests.m in Sources */ = {isa = PBXBuildFile; fileRef = 18B06E7A1FBFCB170065F8A1 /* GJDataCountUITests.m */; };
		18B06E8D1FBFCB960065F8A1 /* BrokenLineViewController.m in Sources */ = {isa = PBXBuildFile; fileRef = 18B06E8C1FBFCB960065F8A1 /* BrokenLineViewController.m */; };
		18B06E901FBFCBA60065F8A1 /* BrokenLineBackView.m in Sources */ = {isa = PBXBuildFile; fileRef = 18B06E8F1FBFCBA60065F8A1 /* BrokenLineBackView.m */; };
		18B06E931FBFCF540065F8A1 /* TableViewController.m in Sources */ = {isa = PBXBuildFile; fileRef = 18B06E921FBFCF540065F8A1 /* TableViewController.m */; };
		18B06E961FBFD4830065F8A1 /* BrokenLineScrollView.m in Sources */ = {isa = PBXBuildFile; fileRef = 18B06E951FBFD4830065F8A1 /* BrokenLineScrollView.m */; };
		18B06E991FBFD7550065F8A1 /* BrokenLineView.m in Sources */ = {isa = PBXBuildFile; fileRef = 18B06E981FBFD7550065F8A1 /* BrokenLineView.m */; };
		18B06E9D1FBFDFE10065F8A1 /* UIView+Extension.m in Sources */ = {isa = PBXBuildFile; fileRef = 18B06E9C1FBFDFE10065F8A1 /* UIView+Extension.m */; };
		18B06EA31FC0188F0065F8A1 /* StackViewViewController.m in Sources */ = {isa = PBXBuildFile; fileRef = 18B06EA21FC0188F0065F8A1 /* StackViewViewController.m */; };
		18B06EAF1FC032E70065F8A1 /* PGQuickScreenView.m in Sources */ = {isa = PBXBuildFile; fileRef = 18B06EAE1FC032E70065F8A1 /* PGQuickScreenView.m */; };
		18B06EB31FC033D40065F8A1 /* PGQuickTermView.m in Sources */ = {isa = PBXBuildFile; fileRef = 18B06EB21FC033D40065F8A1 /* PGQuickTermView.m */; };
		18B06EB61FC035060065F8A1 /* UIButton+Extension.m in Sources */ = {isa = PBXBuildFile; fileRef = 18B06EB51FC035060065F8A1 /* UIButton+Extension.m */; };
		56AF02767D70106A41994408 /* Pods_GJDataCount.framework in Frameworks */ = {isa = PBXBuildFile; fileRef = 4281B94D13E724DCBA265DC4 /* Pods_GJDataCount.framework */; };
/* End PBXBuildFile section */

/* Begin PBXContainerItemProxy section */
		18B06E6C1FBFCB170065F8A1 /* PBXContainerItemProxy */ = {
			isa = PBXContainerItemProxy;
			containerPortal = 18B06E4B1FBFCB170065F8A1 /* Project object */;
			proxyType = 1;
			remoteGlobalIDString = 18B06E521FBFCB170065F8A1;
			remoteInfo = GJDataCount;
		};
		18B06E771FBFCB170065F8A1 /* PBXContainerItemProxy */ = {
			isa = PBXContainerItemProxy;
			containerPortal = 18B06E4B1FBFCB170065F8A1 /* Project object */;
			proxyType = 1;
			remoteGlobalIDString = 18B06E521FBFCB170065F8A1;
			remoteInfo = GJDataCount;
		};
/* End PBXContainerItemProxy section */

/* Begin PBXFileReference section */
		1811C8BD1FCD513D00259FC5 /* PieChartViewController.h */ = {isa = PBXFileReference; lastKnownFileType = sourcecode.c.h; path = PieChartViewController.h; sourceTree = "<group>"; };
		1811C8BE1FCD513D00259FC5 /* PieChartViewController.m */ = {isa = PBXFileReference; lastKnownFileType = sourcecode.c.objc; path = PieChartViewController.m; sourceTree = "<group>"; };
		1811C8C01FCD514800259FC5 /* PieChartView.h */ = {isa = PBXFileReference; lastKnownFileType = sourcecode.c.h; path = PieChartView.h; sourceTree = "<group>"; };
		1811C8C11FCD514800259FC5 /* PieChartView.m */ = {isa = PBXFileReference; lastKnownFileType = sourcecode.c.objc; path = PieChartView.m; sourceTree = "<group>"; };
		185DB1861FD0E5B900C0FAA5 /* PGActivityView.h */ = {isa = PBXFileReference; lastKnownFileType = sourcecode.c.h; path = PGActivityView.h; sourceTree = "<group>"; };
		185DB1871FD0E5B900C0FAA5 /* PGActivityView.m */ = {isa = PBXFileReference; lastKnownFileType = sourcecode.c.objc; path = PGActivityView.m; sourceTree = "<group>"; };
		185F406F1FDE1C1300BE0D82 /* PhotoBrowserViewController.h */ = {isa = PBXFileReference; lastKnownFileType = sourcecode.c.h; path = PhotoBrowserViewController.h; sourceTree = "<group>"; };
		185F40701FDE1C1300BE0D82 /* PhotoBrowserViewController.m */ = {isa = PBXFileReference; lastKnownFileType = sourcecode.c.objc; path = PhotoBrowserViewController.m; sourceTree = "<group>"; };
		18B06E531FBFCB170065F8A1 /* GJDataCount.app */ = {isa = PBXFileReference; explicitFileType = wrapper.application; includeInIndex = 0; path = GJDataCount.app; sourceTree = BUILT_PRODUCTS_DIR; };
		18B06E561FBFCB170065F8A1 /* AppDelegate.h */ = {isa = PBXFileReference; lastKnownFileType = sourcecode.c.h; path = AppDelegate.h; sourceTree = "<group>"; };
		18B06E571FBFCB170065F8A1 /* AppDelegate.m */ = {isa = PBXFileReference; lastKnownFileType = sourcecode.c.objc; path = AppDelegate.m; sourceTree = "<group>"; };
		18B06E5D1FBFCB170065F8A1 /* Base */ = {isa = PBXFileReference; lastKnownFileType = file.storyboard; name = Base; path = Base.lproj/Main.storyboard; sourceTree = "<group>"; };
		18B06E5F1FBFCB170065F8A1 /* Assets.xcassets */ = {isa = PBXFileReference; lastKnownFileType = folder.assetcatalog; path = Assets.xcassets; sourceTree = "<group>"; };
		18B06E621FBFCB170065F8A1 /* Base */ = {isa = PBXFileReference; lastKnownFileType = file.storyboard; name = Base; path = Base.lproj/LaunchScreen.storyboard; sourceTree = "<group>"; };
		18B06E641FBFCB170065F8A1 /* Info.plist */ = {isa = PBXFileReference; lastKnownFileType = text.plist.xml; path = Info.plist; sourceTree = "<group>"; };
		18B06E651FBFCB170065F8A1 /* main.m */ = {isa = PBXFileReference; lastKnownFileType = sourcecode.c.objc; path = main.m; sourceTree = "<group>"; };
		18B06E6B1FBFCB170065F8A1 /* GJDataCountTests.xctest */ = {isa = PBXFileReference; explicitFileType = wrapper.cfbundle; includeInIndex = 0; path = GJDataCountTests.xctest; sourceTree = BUILT_PRODUCTS_DIR; };
		18B06E6F1FBFCB170065F8A1 /* GJDataCountTests.m */ = {isa = PBXFileReference; lastKnownFileType = sourcecode.c.objc; path = GJDataCountTests.m; sourceTree = "<group>"; };
		18B06E711FBFCB170065F8A1 /* Info.plist */ = {isa = PBXFileReference; lastKnownFileType = text.plist.xml; path = Info.plist; sourceTree = "<group>"; };
		18B06E761FBFCB170065F8A1 /* GJDataCountUITests.xctest */ = {isa = PBXFileReference; explicitFileType = wrapper.cfbundle; includeInIndex = 0; path = GJDataCountUITests.xctest; sourceTree = BUILT_PRODUCTS_DIR; };
		18B06E7A1FBFCB170065F8A1 /* GJDataCountUITests.m */ = {isa = PBXFileReference; lastKnownFileType = sourcecode.c.objc; path = GJDataCountUITests.m; sourceTree = "<group>"; };
		18B06E7C1FBFCB170065F8A1 /* Info.plist */ = {isa = PBXFileReference; lastKnownFileType = text.plist.xml; path = Info.plist; sourceTree = "<group>"; };
		18B06E8B1FBFCB960065F8A1 /* BrokenLineViewController.h */ = {isa = PBXFileReference; lastKnownFileType = sourcecode.c.h; path = BrokenLineViewController.h; sourceTree = "<group>"; };
		18B06E8C1FBFCB960065F8A1 /* BrokenLineViewController.m */ = {isa = PBXFileReference; lastKnownFileType = sourcecode.c.objc; path = BrokenLineViewController.m; sourceTree = "<group>"; };
		18B06E8E1FBFCBA60065F8A1 /* BrokenLineBackView.h */ = {isa = PBXFileReference; lastKnownFileType = sourcecode.c.h; path = BrokenLineBackView.h; sourceTree = "<group>"; };
		18B06E8F1FBFCBA60065F8A1 /* BrokenLineBackView.m */ = {isa = PBXFileReference; lastKnownFileType = sourcecode.c.objc; path = BrokenLineBackView.m; sourceTree = "<group>"; };
		18B06E911FBFCF540065F8A1 /* TableViewController.h */ = {isa = PBXFileReference; lastKnownFileType = sourcecode.c.h; path = TableViewController.h; sourceTree = "<group>"; };
		18B06E921FBFCF540065F8A1 /* TableViewController.m */ = {isa = PBXFileReference; lastKnownFileType = sourcecode.c.objc; path = TableViewController.m; sourceTree = "<group>"; };
		18B06E941FBFD4830065F8A1 /* BrokenLineScrollView.h */ = {isa = PBXFileReference; lastKnownFileType = sourcecode.c.h; path = BrokenLineScrollView.h; sourceTree = "<group>"; };
		18B06E951FBFD4830065F8A1 /* BrokenLineScrollView.m */ = {isa = PBXFileReference; lastKnownFileType = sourcecode.c.objc; path = BrokenLineScrollView.m; sourceTree = "<group>"; };
		18B06E971FBFD7550065F8A1 /* BrokenLineView.h */ = {isa = PBXFileReference; lastKnownFileType = sourcecode.c.h; path = BrokenLineView.h; sourceTree = "<group>"; };
		18B06E981FBFD7550065F8A1 /* BrokenLineView.m */ = {isa = PBXFileReference; lastKnownFileType = sourcecode.c.objc; path = BrokenLineView.m; sourceTree = "<group>"; };
		18B06E9B1FBFDFE10065F8A1 /* UIView+Extension.h */ = {isa = PBXFileReference; fileEncoding = 4; lastKnownFileType = sourcecode.c.h; path = "UIView+Extension.h"; sourceTree = "<group>"; };
		18B06E9C1FBFDFE10065F8A1 /* UIView+Extension.m */ = {isa = PBXFileReference; fileEncoding = 4; lastKnownFileType = sourcecode.c.objc; path = "UIView+Extension.m"; sourceTree = "<group>"; };
		18B06EA11FC0188F0065F8A1 /* StackViewViewController.h */ = {isa = PBXFileReference; lastKnownFileType = sourcecode.c.h; path = StackViewViewController.h; sourceTree = "<group>"; };
		18B06EA21FC0188F0065F8A1 /* StackViewViewController.m */ = {isa = PBXFileReference; lastKnownFileType = sourcecode.c.objc; path = StackViewViewController.m; sourceTree = "<group>"; };
		18B06EAD1FC032E70065F8A1 /* PGQuickScreenView.h */ = {isa = PBXFileReference; lastKnownFileType = sourcecode.c.h; path = PGQuickScreenView.h; sourceTree = "<group>"; };
		18B06EAE1FC032E70065F8A1 /* PGQuickScreenView.m */ = {isa = PBXFileReference; lastKnownFileType = sourcecode.c.objc; path = PGQuickScreenView.m; sourceTree = "<group>"; };
		18B06EB01FC033580065F8A1 /* PrefixHeader.pch */ = {isa = PBXFileReference; lastKnownFileType = sourcecode.c.h; path = PrefixHeader.pch; sourceTree = "<group>"; };
		18B06EB11FC033D40065F8A1 /* PGQuickTermView.h */ = {isa = PBXFileReference; lastKnownFileType = sourcecode.c.h; path = PGQuickTermView.h; sourceTree = "<group>"; };
		18B06EB21FC033D40065F8A1 /* PGQuickTermView.m */ = {isa = PBXFileReference; lastKnownFileType = sourcecode.c.objc; path = PGQuickTermView.m; sourceTree = "<group>"; };
		18B06EB41FC035060065F8A1 /* UIButton+Extension.h */ = {isa = PBXFileReference; fileEncoding = 4; lastKnownFileType = sourcecode.c.h; path = "UIButton+Extension.h"; sourceTree = "<group>"; };
		18B06EB51FC035060065F8A1 /* UIButton+Extension.m */ = {isa = PBXFileReference; fileEncoding = 4; lastKnownFileType = sourcecode.c.objc; path = "UIButton+Extension.m"; sourceTree = "<group>"; };
		1E684A6B9134C01E6EC552A0 /* Pods-GJDataCount.release.xcconfig */ = {isa = PBXFileReference; includeInIndex = 1; lastKnownFileType = text.xcconfig; name = "Pods-GJDataCount.release.xcconfig"; path = "Pods/Target Support Files/Pods-GJDataCount/Pods-GJDataCount.release.xcconfig"; sourceTree = "<group>"; };
		316782A9B75587A7B6631554 /* Pods-GJDataCount.debug.xcconfig */ = {isa = PBXFileReference; includeInIndex = 1; lastKnownFileType = text.xcconfig; name = "Pods-GJDataCount.debug.xcconfig"; path = "Pods/Target Support Files/Pods-GJDataCount/Pods-GJDataCount.debug.xcconfig"; sourceTree = "<group>"; };
		4281B94D13E724DCBA265DC4 /* Pods_GJDataCount.framework */ = {isa = PBXFileReference; explicitFileType = wrapper.framework; includeInIndex = 0; path = Pods_GJDataCount.framework; sourceTree = BUILT_PRODUCTS_DIR; };
/* End PBXFileReference section */

/* Begin PBXFrameworksBuildPhase section */
		18B06E501FBFCB170065F8A1 /* Frameworks */ = {
			isa = PBXFrameworksBuildPhase;
			buildActionMask = 2147483647;
			files = (
				56AF02767D70106A41994408 /* Pods_GJDataCount.framework in Frameworks */,
			);
			runOnlyForDeploymentPostprocessing = 0;
		};
		18B06E681FBFCB170065F8A1 /* Frameworks */ = {
			isa = PBXFrameworksBuildPhase;
			buildActionMask = 2147483647;
			files = (
			);
			runOnlyForDeploymentPostprocessing = 0;
		};
		18B06E731FBFCB170065F8A1 /* Frameworks */ = {
			isa = PBXFrameworksBuildPhase;
			buildActionMask = 2147483647;
			files = (
			);
			runOnlyForDeploymentPostprocessing = 0;
		};
/* End PBXFrameworksBuildPhase section */

/* Begin PBXGroup section */
		1811C8BA1FCD509700259FC5 /* PieChart(饼图) */ = {
			isa = PBXGroup;
			children = (
				1811C8BB1FCD509700259FC5 /* Controller */,
				1811C8BC1FCD509700259FC5 /* View */,
			);
			path = "PieChart(饼图)";
			sourceTree = "<group>";
		};
		1811C8BB1FCD509700259FC5 /* Controller */ = {
			isa = PBXGroup;
			children = (
				1811C8BD1FCD513D00259FC5 /* PieChartViewController.h */,
				1811C8BE1FCD513D00259FC5 /* PieChartViewController.m */,
			);
			path = Controller;
			sourceTree = "<group>";
		};
		1811C8BC1FCD509700259FC5 /* View */ = {
			isa = PBXGroup;
			children = (
				1811C8C01FCD514800259FC5 /* PieChartView.h */,
				1811C8C11FCD514800259FC5 /* PieChartView.m */,
			);
			path = View;
			sourceTree = "<group>";
		};
		185F406C1FDE1B8500BE0D82 /* PhotoBrowser */ = {
			isa = PBXGroup;
			children = (
				185F406D1FDE1B8500BE0D82 /* Controller */,
				185F406E1FDE1B8500BE0D82 /* View */,
			);
			path = PhotoBrowser;
			sourceTree = "<group>";
		};
		185F406D1FDE1B8500BE0D82 /* Controller */ = {
			isa = PBXGroup;
			children = (
				185F406F1FDE1C1300BE0D82 /* PhotoBrowserViewController.h */,
				185F40701FDE1C1300BE0D82 /* PhotoBrowserViewController.m */,
			);
			path = Controller;
			sourceTree = "<group>";
		};
		185F406E1FDE1B8500BE0D82 /* View */ = {
			isa = PBXGroup;
			children = (
			);
			path = View;
			sourceTree = "<group>";
		};
		18B06E4A1FBFCB170065F8A1 = {
			isa = PBXGroup;
			children = (
				18B06E551FBFCB170065F8A1 /* GJDataCount */,
				18B06E6E1FBFCB170065F8A1 /* GJDataCountTests */,
				18B06E791FBFCB170065F8A1 /* GJDataCountUITests */,
				18B06E541FBFCB170065F8A1 /* Products */,
				D7EF3EC7A2D32F04997585C9 /* Pods */,
				CAAE0221317A22B019715F2E /* Frameworks */,
			);
			sourceTree = "<group>";
		};
		18B06E541FBFCB170065F8A1 /* Products */ = {
			isa = PBXGroup;
			children = (
				18B06E531FBFCB170065F8A1 /* GJDataCount.app */,
				18B06E6B1FBFCB170065F8A1 /* GJDataCountTests.xctest */,
				18B06E761FBFCB170065F8A1 /* GJDataCountUITests.xctest */,
			);
			name = Products;
			sourceTree = "<group>";
		};
		18B06E551FBFCB170065F8A1 /* GJDataCount */ = {
			isa = PBXGroup;
			children = (
				18B06E9A1FBFDFE10065F8A1 /* Category */,
				18B06E561FBFCB170065F8A1 /* AppDelegate.h */,
				18B06E571FBFCB170065F8A1 /* AppDelegate.m */,
				18B06E911FBFCF540065F8A1 /* TableViewController.h */,
				18B06E921FBFCF540065F8A1 /* TableViewController.m */,
				18B06EB01FC033580065F8A1 /* PrefixHeader.pch */,
				185F406C1FDE1B8500BE0D82 /* PhotoBrowser */,
				18B06E9E1FC018800065F8A1 /* StackView */,
				1811C8BA1FCD509700259FC5 /* PieChart(饼图) */,
				18B06E881FBFCB6D0065F8A1 /* BrokenLine(折线图) */,
				18B06E5C1FBFCB170065F8A1 /* Main.storyboard */,
				18B06E5F1FBFCB170065F8A1 /* Assets.xcassets */,
				18B06E611FBFCB170065F8A1 /* LaunchScreen.storyboard */,
				18B06E641FBFCB170065F8A1 /* Info.plist */,
				18B06E651FBFCB170065F8A1 /* main.m */,
			);
			path = GJDataCount;
			sourceTree = "<group>";
		};
		18B06E6E1FBFCB170065F8A1 /* GJDataCountTests */ = {
			isa = PBXGroup;
			children = (
				18B06E6F1FBFCB170065F8A1 /* GJDataCountTests.m */,
				18B06E711FBFCB170065F8A1 /* Info.plist */,
			);
			path = GJDataCountTests;
			sourceTree = "<group>";
		};
		18B06E791FBFCB170065F8A1 /* GJDataCountUITests */ = {
			isa = PBXGroup;
			children = (
				18B06E7A1FBFCB170065F8A1 /* GJDataCountUITests.m */,
				18B06E7C1FBFCB170065F8A1 /* Info.plist */,
			);
			path = GJDataCountUITests;
			sourceTree = "<group>";
		};
		18B06E881FBFCB6D0065F8A1 /* BrokenLine(折线图) */ = {
			isa = PBXGroup;
			children = (
				18B06E891FBFCB840065F8A1 /* Controller */,
				18B06E8A1FBFCB840065F8A1 /* View */,
			);
			path = "BrokenLine(折线图)";
			sourceTree = "<group>";
		};
		18B06E891FBFCB840065F8A1 /* Controller */ = {
			isa = PBXGroup;
			children = (
				18B06E8B1FBFCB960065F8A1 /* BrokenLineViewController.h */,
				18B06E8C1FBFCB960065F8A1 /* BrokenLineViewController.m */,
			);
			path = Controller;
			sourceTree = "<group>";
		};
		18B06E8A1FBFCB840065F8A1 /* View */ = {
			isa = PBXGroup;
			children = (
				18B06E8E1FBFCBA60065F8A1 /* BrokenLineBackView.h */,
				18B06E8F1FBFCBA60065F8A1 /* BrokenLineBackView.m */,
				18B06E941FBFD4830065F8A1 /* BrokenLineScrollView.h */,
				18B06E951FBFD4830065F8A1 /* BrokenLineScrollView.m */,
				18B06E971FBFD7550065F8A1 /* BrokenLineView.h */,
				18B06E981FBFD7550065F8A1 /* BrokenLineView.m */,
			);
			path = View;
			sourceTree = "<group>";
		};
		18B06E9A1FBFDFE10065F8A1 /* Category */ = {
			isa = PBXGroup;
			children = (
				18B06EB41FC035060065F8A1 /* UIButton+Extension.h */,
				18B06EB51FC035060065F8A1 /* UIButton+Extension.m */,
				18B06E9B1FBFDFE10065F8A1 /* UIView+Extension.h */,
				18B06E9C1FBFDFE10065F8A1 /* UIView+Extension.m */,
			);
			path = Category;
			sourceTree = "<group>";
		};
		18B06E9E1FC018800065F8A1 /* StackView */ = {
			isa = PBXGroup;
			children = (
				18B06E9F1FC018800065F8A1 /* Controller */,
				18B06EA01FC018800065F8A1 /* View */,
			);
			path = StackView;
			sourceTree = "<group>";
		};
		18B06E9F1FC018800065F8A1 /* Controller */ = {
			isa = PBXGroup;
			children = (
				18B06EA11FC0188F0065F8A1 /* StackViewViewController.h */,
				18B06EA21FC0188F0065F8A1 /* StackViewViewController.m */,
			);
			path = Controller;
			sourceTree = "<group>";
		};
		18B06EA01FC018800065F8A1 /* View */ = {
			isa = PBXGroup;
			children = (
				18B06EAD1FC032E70065F8A1 /* PGQuickScreenView.h */,
				18B06EAE1FC032E70065F8A1 /* PGQuickScreenView.m */,
				18B06EB11FC033D40065F8A1 /* PGQuickTermView.h */,
				18B06EB21FC033D40065F8A1 /* PGQuickTermView.m */,
				185DB1861FD0E5B900C0FAA5 /* PGActivityView.h */,
				185DB1871FD0E5B900C0FAA5 /* PGActivityView.m */,
			);
			path = View;
			sourceTree = "<group>";
		};
		CAAE0221317A22B019715F2E /* Frameworks */ = {
			isa = PBXGroup;
			children = (
				4281B94D13E724DCBA265DC4 /* Pods_GJDataCount.framework */,
			);
			name = Frameworks;
			sourceTree = "<group>";
		};
		D7EF3EC7A2D32F04997585C9 /* Pods */ = {
			isa = PBXGroup;
			children = (
				316782A9B75587A7B6631554 /* Pods-GJDataCount.debug.xcconfig */,
				1E684A6B9134C01E6EC552A0 /* Pods-GJDataCount.release.xcconfig */,
			);
			name = Pods;
			sourceTree = "<group>";
		};
/* End PBXGroup section */

/* Begin PBXNativeTarget section */
		18B06E521FBFCB170065F8A1 /* GJDataCount */ = {
			isa = PBXNativeTarget;
			buildConfigurationList = 18B06E7F1FBFCB170065F8A1 /* Build configuration list for PBXNativeTarget "GJDataCount" */;
			buildPhases = (
				C7A9C27840E6A7610A2E6C66 /* [CP] Check Pods Manifest.lock */,
				18B06E4F1FBFCB170065F8A1 /* Sources */,
				18B06E501FBFCB170065F8A1 /* Frameworks */,
				18B06E511FBFCB170065F8A1 /* Resources */,
				0C534E85084805F7CF1C5B45 /* [CP] Embed Pods Frameworks */,
				1A39943C624EA1D45150E8EF /* [CP] Copy Pods Resources */,
			);
			buildRules = (
			);
			dependencies = (
			);
			name = GJDataCount;
			productName = GJDataCount;
			productReference = 18B06E531FBFCB170065F8A1 /* GJDataCount.app */;
			productType = "com.apple.product-type.application";
		};
		18B06E6A1FBFCB170065F8A1 /* GJDataCountTests */ = {
			isa = PBXNativeTarget;
			buildConfigurationList = 18B06E821FBFCB170065F8A1 /* Build configuration list for PBXNativeTarget "GJDataCountTests" */;
			buildPhases = (
				18B06E671FBFCB170065F8A1 /* Sources */,
				18B06E681FBFCB170065F8A1 /* Frameworks */,
				18B06E691FBFCB170065F8A1 /* Resources */,
			);
			buildRules = (
			);
			dependencies = (
				18B06E6D1FBFCB170065F8A1 /* PBXTargetDependency */,
			);
			name = GJDataCountTests;
			productName = GJDataCountTests;
			productReference = 18B06E6B1FBFCB170065F8A1 /* GJDataCountTests.xctest */;
			productType = "com.apple.product-type.bundle.unit-test";
		};
		18B06E751FBFCB170065F8A1 /* GJDataCountUITests */ = {
			isa = PBXNativeTarget;
			buildConfigurationList = 18B06E851FBFCB170065F8A1 /* Build configuration list for PBXNativeTarget "GJDataCountUITests" */;
			buildPhases = (
				18B06E721FBFCB170065F8A1 /* Sources */,
				18B06E731FBFCB170065F8A1 /* Frameworks */,
				18B06E741FBFCB170065F8A1 /* Resources */,
			);
			buildRules = (
			);
			dependencies = (
				18B06E781FBFCB170065F8A1 /* PBXTargetDependency */,
			);
			name = GJDataCountUITests;
			productName = GJDataCountUITests;
			productReference = 18B06E761FBFCB170065F8A1 /* GJDataCountUITests.xctest */;
			productType = "com.apple.product-type.bundle.ui-testing";
		};
/* End PBXNativeTarget section */

/* Begin PBXProject section */
		18B06E4B1FBFCB170065F8A1 /* Project object */ = {
			isa = PBXProject;
			attributes = {
				CLASSPREFIX = PG;
				LastUpgradeCheck = 0910;
				ORGANIZATIONNAME = apple;
				TargetAttributes = {
					18B06E521FBFCB170065F8A1 = {
						CreatedOnToolsVersion = 9.1;
						ProvisioningStyle = Automatic;
					};
					18B06E6A1FBFCB170065F8A1 = {
						CreatedOnToolsVersion = 9.1;
						ProvisioningStyle = Automatic;
						TestTargetID = 18B06E521FBFCB170065F8A1;
					};
					18B06E751FBFCB170065F8A1 = {
						CreatedOnToolsVersion = 9.1;
						ProvisioningStyle = Automatic;
						TestTargetID = 18B06E521FBFCB170065F8A1;
					};
				};
			};
			buildConfigurationList = 18B06E4E1FBFCB170065F8A1 /* Build configuration list for PBXProject "GJDataCount" */;
			compatibilityVersion = "Xcode 8.0";
			developmentRegion = en;
			hasScannedForEncodings = 0;
			knownRegions = (
				en,
				Base,
			);
			mainGroup = 18B06E4A1FBFCB170065F8A1;
			productRefGroup = 18B06E541FBFCB170065F8A1 /* Products */;
			projectDirPath = "";
			projectRoot = "";
			targets = (
				18B06E521FBFCB170065F8A1 /* GJDataCount */,
				18B06E6A1FBFCB170065F8A1 /* GJDataCountTests */,
				18B06E751FBFCB170065F8A1 /* GJDataCountUITests */,
			);
		};
/* End PBXProject section */

/* Begin PBXResourcesBuildPhase section */
		18B06E511FBFCB170065F8A1 /* Resources */ = {
			isa = PBXResourcesBuildPhase;
			buildActionMask = 2147483647;
			files = (
				18B06E631FBFCB170065F8A1 /* LaunchScreen.storyboard in Resources */,
				18B06E601FBFCB170065F8A1 /* Assets.xcassets in Resources */,
				18B06E5E1FBFCB170065F8A1 /* Main.storyboard in Resources */,
			);
			runOnlyForDeploymentPostprocessing = 0;
		};
		18B06E691FBFCB170065F8A1 /* Resources */ = {
			isa = PBXResourcesBuildPhase;
			buildActionMask = 2147483647;
			files = (
			);
			runOnlyForDeploymentPostprocessing = 0;
		};
		18B06E741FBFCB170065F8A1 /* Resources */ = {
			isa = PBXResourcesBuildPhase;
			buildActionMask = 2147483647;
			files = (
			);
			runOnlyForDeploymentPostprocessing = 0;
		};
/* End PBXResourcesBuildPhase section */

/* Begin PBXShellScriptBuildPhase section */
		0C534E85084805F7CF1C5B45 /* [CP] Embed Pods Frameworks */ = {
			isa = PBXShellScriptBuildPhase;
			buildActionMask = 2147483647;
			files = (
			);
			inputPaths = (
				"${SRCROOT}/Pods/Target Support Files/Pods-GJDataCount/Pods-GJDataCount-frameworks.sh",
				"${BUILT_PRODUCTS_DIR}/DACircularProgress/DACircularProgress.framework",
				"${BUILT_PRODUCTS_DIR}/MBProgressHUD/MBProgressHUD.framework",
				"${BUILT_PRODUCTS_DIR}/MWPhotoBrowser/MWPhotoBrowser.framework",
				"${BUILT_PRODUCTS_DIR}/Masonry/Masonry.framework",
				"${BUILT_PRODUCTS_DIR}/ReactiveObjC/ReactiveObjC.framework",
				"${BUILT_PRODUCTS_DIR}/SDWebImage/SDWebImage.framework",
			);
			name = "[CP] Embed Pods Frameworks";
			outputPaths = (
				"${TARGET_BUILD_DIR}/${FRAMEWORKS_FOLDER_PATH}/DACircularProgress.framework",
				"${TARGET_BUILD_DIR}/${FRAMEWORKS_FOLDER_PATH}/MBProgressHUD.framework",
				"${TARGET_BUILD_DIR}/${FRAMEWORKS_FOLDER_PATH}/MWPhotoBrowser.framework",
				"${TARGET_BUILD_DIR}/${FRAMEWORKS_FOLDER_PATH}/Masonry.framework",
				"${TARGET_BUILD_DIR}/${FRAMEWORKS_FOLDER_PATH}/ReactiveObjC.framework",
				"${TARGET_BUILD_DIR}/${FRAMEWORKS_FOLDER_PATH}/SDWebImage.framework",
			);
			runOnlyForDeploymentPostprocessing = 0;
			shellPath = /bin/sh;
			shellScript = "\"${SRCROOT}/Pods/Target Support Files/Pods-GJDataCount/Pods-GJDataCount-frameworks.sh\"\n";
			showEnvVarsInLog = 0;
		};
		1A39943C624EA1D45150E8EF /* [CP] Copy Pods Resources */ = {
			isa = PBXShellScriptBuildPhase;
			buildActionMask = 2147483647;
			files = (
			);
			inputPaths = (
			);
			name = "[CP] Copy Pods Resources";
			outputPaths = (
			);
			runOnlyForDeploymentPostprocessing = 0;
			shellPath = /bin/sh;
			shellScript = "\"${SRCROOT}/Pods/Target Support Files/Pods-GJDataCount/Pods-GJDataCount-resources.sh\"\n";
			showEnvVarsInLog = 0;
		};
		C7A9C27840E6A7610A2E6C66 /* [CP] Check Pods Manifest.lock */ = {
			isa = PBXShellScriptBuildPhase;
			buildActionMask = 2147483647;
			files = (
			);
			inputPaths = (
				"${PODS_PODFILE_DIR_PATH}/Podfile.lock",
				"${PODS_ROOT}/Manifest.lock",
			);
			name = "[CP] Check Pods Manifest.lock";
			outputPaths = (
				"$(DERIVED_FILE_DIR)/Pods-GJDataCount-checkManifestLockResult.txt",
			);
			runOnlyForDeploymentPostprocessing = 0;
			shellPath = /bin/sh;
			shellScript = "diff \"${PODS_PODFILE_DIR_PATH}/Podfile.lock\" \"${PODS_ROOT}/Manifest.lock\" > /dev/null\nif [ $? != 0 ] ; then\n    # print error to STDERR\n    echo \"error: The sandbox is not in sync with the Podfile.lock. Run 'pod install' or update your CocoaPods installation.\" >&2\n    exit 1\nfi\n# This output is used by Xcode 'outputs' to avoid re-running this script phase.\necho \"SUCCESS\" > \"${SCRIPT_OUTPUT_FILE_0}\"\n";
			showEnvVarsInLog = 0;
		};
/* End PBXShellScriptBuildPhase section */

/* Begin PBXSourcesBuildPhase section */
		18B06E4F1FBFCB170065F8A1 /* Sources */ = {
			isa = PBXSourcesBuildPhase;
			buildActionMask = 2147483647;
			files = (
				18B06EB31FC033D40065F8A1 /* PGQuickTermView.m in Sources */,
				18B06E8D1FBFCB960065F8A1 /* BrokenLineViewController.m in Sources */,
				18B06E991FBFD7550065F8A1 /* BrokenLineView.m in Sources */,
				18B06EA31FC0188F0065F8A1 /* StackViewViewController.m in Sources */,
				185F40711FDE1C1300BE0D82 /* PhotoBrowserViewController.m in Sources */,
				185DB1881FD0E5B900C0FAA5 /* PGActivityView.m in Sources */,
				18B06E661FBFCB170065F8A1 /* main.m in Sources */,
				18B06E961FBFD4830065F8A1 /* BrokenLineScrollView.m in Sources */,
				18B06E901FBFCBA60065F8A1 /* BrokenLineBackView.m in Sources */,
				18B06EB61FC035060065F8A1 /* UIButton+Extension.m in Sources */,
				1811C8BF1FCD513D00259FC5 /* PieChartViewController.m in Sources */,
				18B06E931FBFCF540065F8A1 /* TableViewController.m in Sources */,
				18B06E9D1FBFDFE10065F8A1 /* UIView+Extension.m in Sources */,
				18B06E581FBFCB170065F8A1 /* AppDelegate.m in Sources */,
				1811C8C21FCD514800259FC5 /* PieChartView.m in Sources */,
				18B06EAF1FC032E70065F8A1 /* PGQuickScreenView.m in Sources */,
			);
			runOnlyForDeploymentPostprocessing = 0;
		};
		18B06E671FBFCB170065F8A1 /* Sources */ = {
			isa = PBXSourcesBuildPhase;
			buildActionMask = 2147483647;
			files = (
				18B06E701FBFCB170065F8A1 /* GJDataCountTests.m in Sources */,
			);
			runOnlyForDeploymentPostprocessing = 0;
		};
		18B06E721FBFCB170065F8A1 /* Sources */ = {
			isa = PBXSourcesBuildPhase;
			buildActionMask = 2147483647;
			files = (
				18B06E7B1FBFCB170065F8A1 /* GJDataCountUITests.m in Sources */,
			);
			runOnlyForDeploymentPostprocessing = 0;
		};
/* End PBXSourcesBuildPhase section */

/* Begin PBXTargetDependency section */
		18B06E6D1FBFCB170065F8A1 /* PBXTargetDependency */ = {
			isa = PBXTargetDependency;
			target = 18B06E521FBFCB170065F8A1 /* GJDataCount */;
			targetProxy = 18B06E6C1FBFCB170065F8A1 /* PBXContainerItemProxy */;
		};
		18B06E781FBFCB170065F8A1 /* PBXTargetDependency */ = {
			isa = PBXTargetDependency;
			target = 18B06E521FBFCB170065F8A1 /* GJDataCount */;
			targetProxy = 18B06E771FBFCB170065F8A1 /* PBXContainerItemProxy */;
		};
/* End PBXTargetDependency section */

/* Begin PBXVariantGroup section */
		18B06E5C1FBFCB170065F8A1 /* Main.storyboard */ = {
			isa = PBXVariantGroup;
			children = (
				18B06E5D1FBFCB170065F8A1 /* Base */,
			);
			name = Main.storyboard;
			sourceTree = "<group>";
		};
		18B06E611FBFCB170065F8A1 /* LaunchScreen.storyboard */ = {
			isa = PBXVariantGroup;
			children = (
				18B06E621FBFCB170065F8A1 /* Base */,
			);
			name = LaunchScreen.storyboard;
			sourceTree = "<group>";
		};
/* End PBXVariantGroup section */

/* Begin XCBuildConfiguration section */
		18B06E7D1FBFCB170065F8A1 /* Debug */ = {
			isa = XCBuildConfiguration;
			buildSettings = {
				ALWAYS_SEARCH_USER_PATHS = NO;
				CLANG_ANALYZER_NONNULL = YES;
				CLANG_ANALYZER_NUMBER_OBJECT_CONVERSION = YES_AGGRESSIVE;
				CLANG_CXX_LANGUAGE_STANDARD = "gnu++14";
				CLANG_CXX_LIBRARY = "libc++";
				CLANG_ENABLE_MODULES = YES;
				CLANG_ENABLE_OBJC_ARC = YES;
				CLANG_WARN_BLOCK_CAPTURE_AUTORELEASING = YES;
				CLANG_WARN_BOOL_CONVERSION = YES;
				CLANG_WARN_COMMA = YES;
				CLANG_WARN_CONSTANT_CONVERSION = YES;
				CLANG_WARN_DIRECT_OBJC_ISA_USAGE = YES_ERROR;
				CLANG_WARN_DOCUMENTATION_COMMENTS = YES;
				CLANG_WARN_EMPTY_BODY = YES;
				CLANG_WARN_ENUM_CONVERSION = YES;
				CLANG_WARN_INFINITE_RECURSION = YES;
				CLANG_WARN_INT_CONVERSION = YES;
				CLANG_WARN_NON_LITERAL_NULL_CONVERSION = YES;
				CLANG_WARN_OBJC_LITERAL_CONVERSION = YES;
				CLANG_WARN_OBJC_ROOT_CLASS = YES_ERROR;
				CLANG_WARN_RANGE_LOOP_ANALYSIS = YES;
				CLANG_WARN_STRICT_PROTOTYPES = YES;
				CLANG_WARN_SUSPICIOUS_MOVE = YES;
				CLANG_WARN_UNGUARDED_AVAILABILITY = YES_AGGRESSIVE;
				CLANG_WARN_UNREACHABLE_CODE = YES;
				CLANG_WARN__DUPLICATE_METHOD_MATCH = YES;
				CODE_SIGN_IDENTITY = "iPhone Developer";
				COPY_PHASE_STRIP = NO;
				DEBUG_INFORMATION_FORMAT = dwarf;
				ENABLE_STRICT_OBJC_MSGSEND = YES;
				ENABLE_TESTABILITY = YES;
				GCC_C_LANGUAGE_STANDARD = gnu11;
				GCC_DYNAMIC_NO_PIC = NO;
				GCC_NO_COMMON_BLOCKS = YES;
				GCC_OPTIMIZATION_LEVEL = 0;
				GCC_PREPROCESSOR_DEFINITIONS = (
					"DEBUG=1",
					"$(inherited)",
				);
				GCC_WARN_64_TO_32_BIT_CONVERSION = YES;
				GCC_WARN_ABOUT_RETURN_TYPE = YES_ERROR;
				GCC_WARN_UNDECLARED_SELECTOR = YES;
				GCC_WARN_UNINITIALIZED_AUTOS = YES_AGGRESSIVE;
				GCC_WARN_UNUSED_FUNCTION = YES;
				GCC_WARN_UNUSED_VARIABLE = YES;
				IPHONEOS_DEPLOYMENT_TARGET = 11.1;
				MTL_ENABLE_DEBUG_INFO = YES;
				ONLY_ACTIVE_ARCH = YES;
				SDKROOT = iphoneos;
			};
			name = Debug;
		};
		18B06E7E1FBFCB170065F8A1 /* Release */ = {
			isa = XCBuildConfiguration;
			buildSettings = {
				ALWAYS_SEARCH_USER_PATHS = NO;
				CLANG_ANALYZER_NONNULL = YES;
				CLANG_ANALYZER_NUMBER_OBJECT_CONVERSION = YES_AGGRESSIVE;
				CLANG_CXX_LANGUAGE_STANDARD = "gnu++14";
				CLANG_CXX_LIBRARY = "libc++";
				CLANG_ENABLE_MODULES = YES;
				CLANG_ENABLE_OBJC_ARC = YES;
				CLANG_WARN_BLOCK_CAPTURE_AUTORELEASING = YES;
				CLANG_WARN_BOOL_CONVERSION = YES;
				CLANG_WARN_COMMA = YES;
				CLANG_WARN_CONSTANT_CONVERSION = YES;
				CLANG_WARN_DIRECT_OBJC_ISA_USAGE = YES_ERROR;
				CLANG_WARN_DOCUMENTATION_COMMENTS = YES;
				CLANG_WARN_EMPTY_BODY = YES;
				CLANG_WARN_ENUM_CONVERSION = YES;
				CLANG_WARN_INFINITE_RECURSION = YES;
				CLANG_WARN_INT_CONVERSION = YES;
				CLANG_WARN_NON_LITERAL_NULL_CONVERSION = YES;
				CLANG_WARN_OBJC_LITERAL_CONVERSION = YES;
				CLANG_WARN_OBJC_ROOT_CLASS = YES_ERROR;
				CLANG_WARN_RANGE_LOOP_ANALYSIS = YES;
				CLANG_WARN_STRICT_PROTOTYPES = YES;
				CLANG_WARN_SUSPICIOUS_MOVE = YES;
				CLANG_WARN_UNGUARDED_AVAILABILITY = YES_AGGRESSIVE;
				CLANG_WARN_UNREACHABLE_CODE = YES;
				CLANG_WARN__DUPLICATE_METHOD_MATCH = YES;
				CODE_SIGN_IDENTITY = "iPhone Developer";
				COPY_PHASE_STRIP = NO;
				DEBUG_INFORMATION_FORMAT = "dwarf-with-dsym";
				ENABLE_NS_ASSERTIONS = NO;
				ENABLE_STRICT_OBJC_MSGSEND = YES;
				GCC_C_LANGUAGE_STANDARD = gnu11;
				GCC_NO_COMMON_BLOCKS = YES;
				GCC_WARN_64_TO_32_BIT_CONVERSION = YES;
				GCC_WARN_ABOUT_RETURN_TYPE = YES_ERROR;
				GCC_WARN_UNDECLARED_SELECTOR = YES;
				GCC_WARN_UNINITIALIZED_AUTOS = YES_AGGRESSIVE;
				GCC_WARN_UNUSED_FUNCTION = YES;
				GCC_WARN_UNUSED_VARIABLE = YES;
				IPHONEOS_DEPLOYMENT_TARGET = 11.1;
				MTL_ENABLE_DEBUG_INFO = NO;
				SDKROOT = iphoneos;
				VALIDATE_PRODUCT = YES;
			};
			name = Release;
		};
		18B06E801FBFCB170065F8A1 /* Debug */ = {
			isa = XCBuildConfiguration;
			baseConfigurationReference = 316782A9B75587A7B6631554 /* Pods-GJDataCount.debug.xcconfig */;
			buildSettings = {
				ASSETCATALOG_COMPILER_APPICON_NAME = AppIcon;
				CODE_SIGN_STYLE = Automatic;
				GCC_PREFIX_HEADER = /Users/apple/Desktop/GJDataCount/GJDataCount/PrefixHeader.pch;
				INFOPLIST_FILE = GJDataCount/Info.plist;
				LD_RUNPATH_SEARCH_PATHS = "$(inherited) @executable_path/Frameworks";
				PRODUCT_BUNDLE_IDENTIFIER = com.ParkingSpace.GJDataCount;
				PRODUCT_NAME = "$(TARGET_NAME)";
				TARGETED_DEVICE_FAMILY = "1,2";
				USER_HEADER_SEARCH_PATHS = "${SRCROOT}/**";
			};
			name = Debug;
		};
		18B06E811FBFCB170065F8A1 /* Release */ = {
			isa = XCBuildConfiguration;
			baseConfigurationReference = 1E684A6B9134C01E6EC552A0 /* Pods-GJDataCount.release.xcconfig */;
			buildSettings = {
				ASSETCATALOG_COMPILER_APPICON_NAME = AppIcon;
				CODE_SIGN_STYLE = Automatic;
				GCC_PREFIX_HEADER = /Users/apple/Desktop/GJDataCount/GJDataCount/PrefixHeader.pch;
				INFOPLIST_FILE = GJDataCount/Info.plist;
				LD_RUNPATH_SEARCH_PATHS = "$(inherited) @executable_path/Frameworks";
				PRODUCT_BUNDLE_IDENTIFIER = com.ParkingSpace.GJDataCount;
				PRODUCT_NAME = "$(TARGET_NAME)";
				TARGETED_DEVICE_FAMILY = "1,2";
				USER_HEADER_SEARCH_PATHS = "${SRCROOT}/**";
			};
			name = Release;
		};
		18B06E831FBFCB170065F8A1 /* Debug */ = {
			isa = XCBuildConfiguration;
			buildSettings = {
				BUNDLE_LOADER = "$(TEST_HOST)";
				CODE_SIGN_STYLE = Automatic;
				INFOPLIST_FILE = GJDataCountTests/Info.plist;
				LD_RUNPATH_SEARCH_PATHS = "$(inherited) @executable_path/Frameworks @loader_path/Frameworks";
				PRODUCT_BUNDLE_IDENTIFIER = com.ParkingSpace.GJDataCountTests;
				PRODUCT_NAME = "$(TARGET_NAME)";
				TARGETED_DEVICE_FAMILY = "1,2";
				TEST_HOST = "$(BUILT_PRODUCTS_DIR)/GJDataCount.app/GJDataCount";
			};
			name = Debug;
		};
		18B06E841FBFCB170065F8A1 /* Release */ = {
			isa = XCBuildConfiguration;
			buildSettings = {
				BUNDLE_LOADER = "$(TEST_HOST)";
				CODE_SIGN_STYLE = Automatic;
				INFOPLIST_FILE = GJDataCountTests/Info.plist;
				LD_RUNPATH_SEARCH_PATHS = "$(inherited) @executable_path/Frameworks @loader_path/Frameworks";
				PRODUCT_BUNDLE_IDENTIFIER = com.ParkingSpace.GJDataCountTests;
				PRODUCT_NAME = "$(TARGET_NAME)";
				TARGETED_DEVICE_FAMILY = "1,2";
				TEST_HOST = "$(BUILT_PRODUCTS_DIR)/GJDataCount.app/GJDataCount";
			};
			name = Release;
		};
		18B06E861FBFCB170065F8A1 /* Debug */ = {
			isa = XCBuildConfiguration;
			buildSettings = {
				CODE_SIGN_STYLE = Automatic;
				INFOPLIST_FILE = GJDataCountUITests/Info.plist;
				LD_RUNPATH_SEARCH_PATHS = "$(inherited) @executable_path/Frameworks @loader_path/Frameworks";
				PRODUCT_BUNDLE_IDENTIFIER = com.ParkingSpace.GJDataCountUITests;
				PRODUCT_NAME = "$(TARGET_NAME)";
				TARGETED_DEVICE_FAMILY = "1,2";
				TEST_TARGET_NAME = GJDataCount;
			};
			name = Debug;
		};
		18B06E871FBFCB170065F8A1 /* Release */ = {
			isa = XCBuildConfiguration;
			buildSettings = {
				CODE_SIGN_STYLE = Automatic;
				INFOPLIST_FILE = GJDataCountUITests/Info.plist;
				LD_RUNPATH_SEARCH_PATHS = "$(inherited) @executable_path/Frameworks @loader_path/Frameworks";
				PRODUCT_BUNDLE_IDENTIFIER = com.ParkingSpace.GJDataCountUITests;
				PRODUCT_NAME = "$(TARGET_NAME)";
				TARGETED_DEVICE_FAMILY = "1,2";
				TEST_TARGET_NAME = GJDataCount;
			};
			name = Release;
		};
/* End XCBuildConfiguration section */

/* Begin XCConfigurationList section */
		18B06E4E1FBFCB170065F8A1 /* Build configuration list for PBXProject "GJDataCount" */ = {
			isa = XCConfigurationList;
			buildConfigurations = (
				18B06E7D1FBFCB170065F8A1 /* Debug */,
				18B06E7E1FBFCB170065F8A1 /* Release */,
			);
			defaultConfigurationIsVisible = 0;
			defaultConfigurationName = Release;
		};
		18B06E7F1FBFCB170065F8A1 /* Build configuration list for PBXNativeTarget "GJDataCount" */ = {
			isa = XCConfigurationList;
			buildConfigurations = (
				18B06E801FBFCB170065F8A1 /* Debug */,
				18B06E811FBFCB170065F8A1 /* Release */,
			);
			defaultConfigurationIsVisible = 0;
			defaultConfigurationName = Release;
		};
		18B06E821FBFCB170065F8A1 /* Build configuration list for PBXNativeTarget "GJDataCountTests" */ = {
			isa = XCConfigurationList;
			buildConfigurations = (
				18B06E831FBFCB170065F8A1 /* Debug */,
				18B06E841FBFCB170065F8A1 /* Release */,
			);
			defaultConfigurationIsVisible = 0;
			defaultConfigurationName = Release;
		};
		18B06E851FBFCB170065F8A1 /* Build configuration list for PBXNativeTarget "GJDataCountUITests" */ = {
			isa = XCConfigurationList;
			buildConfigurations = (
				18B06E861FBFCB170065F8A1 /* Debug */,
				18B06E871FBFCB170065F8A1 /* Release */,
			);
			defaultConfigurationIsVisible = 0;
			defaultConfigurationName = Release;
		};
/* End XCConfigurationList section */
	};
	rootObject = 18B06E4B1FBFCB170065F8A1 /* Project object */;
}
